// !$*UTF8*$!
{
	archiveVersion = 1;
	classes = {
	};
	objectVersion = 46;
	objects = {

/* Begin PBXBuildFile section */
		83ADBFA81B7ADEC000BD3DD2 /* main.m in Sources */ = {isa = PBXBuildFile; fileRef = 83ADBFA71B7ADEC000BD3DD2 /* main.m */; };
		83ADBFAB1B7ADEC000BD3DD2 /* AppDelegate.m in Sources */ = {isa = PBXBuildFile; fileRef = 83ADBFAA1B7ADEC000BD3DD2 /* AppDelegate.m */; };
		83ADBFAE1B7ADEC000BD3DD2 /* ViewController.m in Sources */ = {isa = PBXBuildFile; fileRef = 83ADBFAD1B7ADEC000BD3DD2 /* ViewController.m */; };
		83ADBFB11B7ADEC000BD3DD2 /* Main.storyboard in Resources */ = {isa = PBXBuildFile; fileRef = 83ADBFAF1B7ADEC000BD3DD2 /* Main.storyboard */; };
		83ADBFB31B7ADEC000BD3DD2 /* Images.xcassets in Resources */ = {isa = PBXBuildFile; fileRef = 83ADBFB21B7ADEC000BD3DD2 /* Images.xcassets */; };
		83ADBFB61B7ADEC000BD3DD2 /* LaunchScreen.xib in Resources */ = {isa = PBXBuildFile; fileRef = 83ADBFB41B7ADEC000BD3DD2 /* LaunchScreen.xib */; };
		83ADBFC21B7ADEC000BD3DD2 /* xzqtestTests.m in Sources */ = {isa = PBXBuildFile; fileRef = 83ADBFC11B7ADEC000BD3DD2 /* xzqtestTests.m */; };
		83ADBFD51B7AE8EB00BD3DD2 /* KCStatusTableViewCell.m in Sources */ = {isa = PBXBuildFile; fileRef = 83ADBFD41B7AE8EB00BD3DD2 /* KCStatusTableViewCell.m */; };
		83ADBFD81B7AE97200BD3DD2 /* KCDbManager.m in Sources */ = {isa = PBXBuildFile; fileRef = 83ADBFD71B7AE97200BD3DD2 /* KCDbManager.m */; };
		83ADBFDB1B7AE9D900BD3DD2 /* libsqlite3.dylib in Frameworks */ = {isa = PBXBuildFile; fileRef = 83ADBFDA1B7AE9D900BD3DD2 /* libsqlite3.dylib */; };
		83ADBFE01B7AEDC300BD3DD2 /* KCDatabaseCreator.m in Sources */ = {isa = PBXBuildFile; fileRef = 83ADBFDF1B7AEDC300BD3DD2 /* KCDatabaseCreator.m */; };
		83ADBFE31B7AEE8400BD3DD2 /* KCUser.m in Sources */ = {isa = PBXBuildFile; fileRef = 83ADBFE21B7AEE8400BD3DD2 /* KCUser.m */; };
		83ADBFE61B7AEF9900BD3DD2 /* KCStatus.m in Sources */ = {isa = PBXBuildFile; fileRef = 83ADBFE51B7AEF9900BD3DD2 /* KCStatus.m */; };
		83ADBFE91B7AF06900BD3DD2 /* KCUserService.m in Sources */ = {isa = PBXBuildFile; fileRef = 83ADBFE81B7AF06900BD3DD2 /* KCUserService.m */; };
		83ADBFEC1B7AF19600BD3DD2 /* KCStatusService.m in Sources */ = {isa = PBXBuildFile; fileRef = 83ADBFEB1B7AF19600BD3DD2 /* KCStatusService.m */; };
		83ADBFEF1B7AF28B00BD3DD2 /* KCMainViewController.m in Sources */ = {isa = PBXBuildFile; fileRef = 83ADBFEE1B7AF28B00BD3DD2 /* KCMainViewController.m */; };
		83ADBFF21B7AF51B00BD3DD2 /* DatabaseMainViewController.m in Sources */ = {isa = PBXBuildFile; fileRef = 83ADBFF11B7AF51B00BD3DD2 /* DatabaseMainViewController.m */; };
		83ADBFF91B7AF90300BD3DD2 /* binger.jpg in Resources */ = {isa = PBXBuildFile; fileRef = 83ADBFF41B7AF90300BD3DD2 /* binger.jpg */; };
		83ADBFFA1B7AF90300BD3DD2 /* lily.jpg in Resources */ = {isa = PBXBuildFile; fileRef = 83ADBFF51B7AF90300BD3DD2 /* lily.jpg */; };
		83ADBFFB1B7AF90300BD3DD2 /* mbtype@2x.png in Resources */ = {isa = PBXBuildFile; fileRef = 83ADBFF61B7AF90300BD3DD2 /* mbtype@2x.png */; };
		83ADBFFC1B7AF90300BD3DD2 /* qianmo.jpg in Resources */ = {isa = PBXBuildFile; fileRef = 83ADBFF71B7AF90300BD3DD2 /* qianmo.jpg */; };
		83ADBFFD1B7AF90300BD3DD2 /* xiaona.jpg in Resources */ = {isa = PBXBuildFile; fileRef = 83ADBFF81B7AF90300BD3DD2 /* xiaona.jpg */; };
/* End PBXBuildFile section */

/* Begin PBXContainerItemProxy section */
		83ADBFBC1B7ADEC000BD3DD2 /* PBXContainerItemProxy */ = {
			isa = PBXContainerItemProxy;
			containerPortal = 83ADBF9A1B7ADEC000BD3DD2 /* Project object */;
			proxyType = 1;
			remoteGlobalIDString = 83ADBFA11B7ADEC000BD3DD2;
			remoteInfo = xzqtest;
		};
/* End PBXContainerItemProxy section */

/* Begin PBXFileReference section */
		83ADBFA21B7ADEC000BD3DD2 /* xzqtest.app */ = {isa = PBXFileReference; explicitFileType = wrapper.application; includeInIndex = 0; path = xzqtest.app; sourceTree = BUILT_PRODUCTS_DIR; };
		83ADBFA61B7ADEC000BD3DD2 /* Info.plist */ = {isa = PBXFileReference; lastKnownFileType = text.plist.xml; path = Info.plist; sourceTree = "<group>"; };
		83ADBFA71B7ADEC000BD3DD2 /* main.m */ = {isa = PBXFileReference; lastKnownFileType = sourcecode.c.objc; path = main.m; sourceTree = "<group>"; };
		83ADBFA91B7ADEC000BD3DD2 /* AppDelegate.h */ = {isa = PBXFileReference; lastKnownFileType = sourcecode.c.h; path = AppDelegate.h; sourceTree = "<group>"; };
		83ADBFAA1B7ADEC000BD3DD2 /* AppDelegate.m */ = {isa = PBXFileReference; lastKnownFileType = sourcecode.c.objc; path = AppDelegate.m; sourceTree = "<group>"; };
		83ADBFAC1B7ADEC000BD3DD2 /* ViewController.h */ = {isa = PBXFileReference; lastKnownFileType = sourcecode.c.h; path = ViewController.h; sourceTree = "<group>"; };
		83ADBFAD1B7ADEC000BD3DD2 /* ViewController.m */ = {isa = PBXFileReference; lastKnownFileType = sourcecode.c.objc; path = ViewController.m; sourceTree = "<group>"; };
		83ADBFB01B7ADEC000BD3DD2 /* Base */ = {isa = PBXFileReference; lastKnownFileType = file.storyboard; name = Base; path = Base.lproj/Main.storyboard; sourceTree = "<group>"; };
		83ADBFB21B7ADEC000BD3DD2 /* Images.xcassets */ = {isa = PBXFileReference; lastKnownFileType = folder.assetcatalog; path = Images.xcassets; sourceTree = "<group>"; };
		83ADBFB51B7ADEC000BD3DD2 /* Base */ = {isa = PBXFileReference; lastKnownFileType = file.xib; name = Base; path = Base.lproj/LaunchScreen.xib; sourceTree = "<group>"; };
		83ADBFBB1B7ADEC000BD3DD2 /* xzqtestTests.xctest */ = {isa = PBXFileReference; explicitFileType = wrapper.cfbundle; includeInIndex = 0; path = xzqtestTests.xctest; sourceTree = BUILT_PRODUCTS_DIR; };
		83ADBFC01B7ADEC000BD3DD2 /* Info.plist */ = {isa = PBXFileReference; lastKnownFileType = text.plist.xml; path = Info.plist; sourceTree = "<group>"; };
		83ADBFC11B7ADEC000BD3DD2 /* xzqtestTests.m */ = {isa = PBXFileReference; lastKnownFileType = sourcecode.c.objc; path = xzqtestTests.m; sourceTree = "<group>"; };
		83ADBFD31B7AE8EB00BD3DD2 /* KCStatusTableViewCell.h */ = {isa = PBXFileReference; fileEncoding = 4; lastKnownFileType = sourcecode.c.h; path = KCStatusTableViewCell.h; sourceTree = "<group>"; };
		83ADBFD41B7AE8EB00BD3DD2 /* KCStatusTableViewCell.m */ = {isa = PBXFileReference; fileEncoding = 4; lastKnownFileType = sourcecode.c.objc; path = KCStatusTableViewCell.m; sourceTree = "<group>"; };
		83ADBFD61B7AE97200BD3DD2 /* KCDbManager.h */ = {isa = PBXFileReference; fileEncoding = 4; lastKnownFileType = sourcecode.c.h; path = KCDbManager.h; sourceTree = "<group>"; };
		83ADBFD71B7AE97200BD3DD2 /* KCDbManager.m */ = {isa = PBXFileReference; fileEncoding = 4; lastKnownFileType = sourcecode.c.objc; path = KCDbManager.m; sourceTree = "<group>"; };
		83ADBFDA1B7AE9D900BD3DD2 /* libsqlite3.dylib */ = {isa = PBXFileReference; lastKnownFileType = "compiled.mach-o.dylib"; name = libsqlite3.dylib; path = usr/lib/libsqlite3.dylib; sourceTree = SDKROOT; };
		83ADBFDC1B7AEAAB00BD3DD2 /* KCSingleton.h */ = {isa = PBXFileReference; lastKnownFileType = sourcecode.c.h; path = KCSingleton.h; sourceTree = "<group>"; };
		83ADBFDD1B7AEB3A00BD3DD2 /* KCAppConfig.h */ = {isa = PBXFileReference; lastKnownFileType = sourcecode.c.h; path = KCAppConfig.h; sourceTree = "<group>"; };
		83ADBFDE1B7AEDC300BD3DD2 /* KCDatabaseCreator.h */ = {isa = PBXFileReference; fileEncoding = 4; lastKnownFileType = sourcecode.c.h; path = KCDatabaseCreator.h; sourceTree = "<group>"; };
		83ADBFDF1B7AEDC300BD3DD2 /* KCDatabaseCreator.m */ = {isa = PBXFileReference; fileEncoding = 4; lastKnownFileType = sourcecode.c.objc; path = KCDatabaseCreator.m; sourceTree = "<group>"; };
		83ADBFE11B7AEE8400BD3DD2 /* KCUser.h */ = {isa = PBXFileReference; fileEncoding = 4; lastKnownFileType = sourcecode.c.h; path = KCUser.h; sourceTree = "<group>"; };
		83ADBFE21B7AEE8400BD3DD2 /* KCUser.m */ = {isa = PBXFileReference; fileEncoding = 4; lastKnownFileType = sourcecode.c.objc; path = KCUser.m; sourceTree = "<group>"; };
		83ADBFE41B7AEF9900BD3DD2 /* KCStatus.h */ = {isa = PBXFileReference; fileEncoding = 4; lastKnownFileType = sourcecode.c.h; path = KCStatus.h; sourceTree = "<group>"; };
		83ADBFE51B7AEF9900BD3DD2 /* KCStatus.m */ = {isa = PBXFileReference; fileEncoding = 4; lastKnownFileType = sourcecode.c.objc; path = KCStatus.m; sourceTree = "<group>"; };
		83ADBFE71B7AF06900BD3DD2 /* KCUserService.h */ = {isa = PBXFileReference; fileEncoding = 4; lastKnownFileType = sourcecode.c.h; path = KCUserService.h; sourceTree = "<group>"; };
		83ADBFE81B7AF06900BD3DD2 /* KCUserService.m */ = {isa = PBXFileReference; fileEncoding = 4; lastKnownFileType = sourcecode.c.objc; path = KCUserService.m; sourceTree = "<group>"; };
		83ADBFEA1B7AF19600BD3DD2 /* KCStatusService.h */ = {isa = PBXFileReference; fileEncoding = 4; lastKnownFileType = sourcecode.c.h; path = KCStatusService.h; sourceTree = "<group>"; };
		83ADBFEB1B7AF19600BD3DD2 /* KCStatusService.m */ = {isa = PBXFileReference; fileEncoding = 4; lastKnownFileType = sourcecode.c.objc; path = KCStatusService.m; sourceTree = "<group>"; };
		83ADBFED1B7AF28B00BD3DD2 /* KCMainViewController.h */ = {isa = PBXFileReference; fileEncoding = 4; lastKnownFileType = sourcecode.c.h; path = KCMainViewController.h; sourceTree = "<group>"; };
		83ADBFEE1B7AF28B00BD3DD2 /* KCMainViewController.m */ = {isa = PBXFileReference; fileEncoding = 4; lastKnownFileType = sourcecode.c.objc; path = KCMainViewController.m; sourceTree = "<group>"; };
		83ADBFF01B7AF51B00BD3DD2 /* DatabaseMainViewController.h */ = {isa = PBXFileReference; fileEncoding = 4; lastKnownFileType = sourcecode.c.h; path = DatabaseMainViewController.h; sourceTree = "<group>"; };
		83ADBFF11B7AF51B00BD3DD2 /* DatabaseMainViewController.m */ = {isa = PBXFileReference; fileEncoding = 4; lastKnownFileType = sourcecode.c.objc; path = DatabaseMainViewController.m; sourceTree = "<group>"; };
		83ADBFF41B7AF90300BD3DD2 /* binger.jpg */ = {isa = PBXFileReference; lastKnownFileType = image.jpeg; path = binger.jpg; sourceTree = "<group>"; };
		83ADBFF51B7AF90300BD3DD2 /* lily.jpg */ = {isa = PBXFileReference; lastKnownFileType = image.jpeg; path = lily.jpg; sourceTree = "<group>"; };
		83ADBFF61B7AF90300BD3DD2 /* mbtype@2x.png */ = {isa = PBXFileReference; lastKnownFileType = image.png; path = "mbtype@2x.png"; sourceTree = "<group>"; };
		83ADBFF71B7AF90300BD3DD2 /* qianmo.jpg */ = {isa = PBXFileReference; lastKnownFileType = image.jpeg; path = qianmo.jpg; sourceTree = "<group>"; };
		83ADBFF81B7AF90300BD3DD2 /* xiaona.jpg */ = {isa = PBXFileReference; lastKnownFileType = image.jpeg; path = xiaona.jpg; sourceTree = "<group>"; };
/* End PBXFileReference section */

/* Begin PBXFrameworksBuildPhase section */
		83ADBF9F1B7ADEC000BD3DD2 /* Frameworks */ = {
			isa = PBXFrameworksBuildPhase;
			buildActionMask = 2147483647;
			files = (
				83ADBFDB1B7AE9D900BD3DD2 /* libsqlite3.dylib in Frameworks */,
			);
			runOnlyForDeploymentPostprocessing = 0;
		};
		83ADBFB81B7ADEC000BD3DD2 /* Frameworks */ = {
			isa = PBXFrameworksBuildPhase;
			buildActionMask = 2147483647;
			files = (
			);
			runOnlyForDeploymentPostprocessing = 0;
		};
/* End PBXFrameworksBuildPhase section */

/* Begin PBXGroup section */
		83ADBF991B7ADEC000BD3DD2 = {
			isa = PBXGroup;
			children = (
				83ADBFA41B7ADEC000BD3DD2 /* xzqtest */,
				83ADBFD91B7AE9C400BD3DD2 /* Frameworks */,
				83ADBFBE1B7ADEC000BD3DD2 /* xzqtestTests */,
				83ADBFA31B7ADEC000BD3DD2 /* Products */,
			);
			sourceTree = "<group>";
		};
		83ADBFA31B7ADEC000BD3DD2 /* Products */ = {
			isa = PBXGroup;
			children = (
				83ADBFA21B7ADEC000BD3DD2 /* xzqtest.app */,
				83ADBFBB1B7ADEC000BD3DD2 /* xzqtestTests.xctest */,
			);
			name = Products;
			sourceTree = "<group>";
		};
		83ADBFA41B7ADEC000BD3DD2 /* xzqtest */ = {
			isa = PBXGroup;
			children = (
				83ADBFCB1B7AE82300BD3DD2 /* database */,
				83ADBFA91B7ADEC000BD3DD2 /* AppDelegate.h */,
				83ADBFAA1B7ADEC000BD3DD2 /* AppDelegate.m */,
				83ADBFAC1B7ADEC000BD3DD2 /* ViewController.h */,
				83ADBFAD1B7ADEC000BD3DD2 /* ViewController.m */,
				83ADBFAF1B7ADEC000BD3DD2 /* Main.storyboard */,
				83ADBFB21B7ADEC000BD3DD2 /* Images.xcassets */,
				83ADBFB41B7ADEC000BD3DD2 /* LaunchScreen.xib */,
				83ADBFA51B7ADEC000BD3DD2 /* Supporting Files */,
			);
			path = xzqtest;
			sourceTree = "<group>";
		};
		83ADBFA51B7ADEC000BD3DD2 /* Supporting Files */ = {
			isa = PBXGroup;
			children = (
				83ADBFA61B7ADEC000BD3DD2 /* Info.plist */,
				83ADBFA71B7ADEC000BD3DD2 /* main.m */,
			);
			name = "Supporting Files";
			sourceTree = "<group>";
		};
		83ADBFBE1B7ADEC000BD3DD2 /* xzqtestTests */ = {
			isa = PBXGroup;
			children = (
				83ADBFC11B7ADEC000BD3DD2 /* xzqtestTests.m */,
				83ADBFBF1B7ADEC000BD3DD2 /* Supporting Files */,
			);
			path = xzqtestTests;
			sourceTree = "<group>";
		};
		83ADBFBF1B7ADEC000BD3DD2 /* Supporting Files */ = {
			isa = PBXGroup;
			children = (
				83ADBFC01B7ADEC000BD3DD2 /* Info.plist */,
			);
			name = "Supporting Files";
			sourceTree = "<group>";
		};
		83ADBFCB1B7AE82300BD3DD2 /* database */ = {
			isa = PBXGroup;
			children = (
				83ADBFCC1B7AE82F00BD3DD2 /* SQLite */,
				83ADBFF01B7AF51B00BD3DD2 /* DatabaseMainViewController.h */,
				83ADBFF11B7AF51B00BD3DD2 /* DatabaseMainViewController.m */,
			);
			path = database;
			sourceTree = "<group>";
		};
		83ADBFCC1B7AE82F00BD3DD2 /* SQLite */ = {
			isa = PBXGroup;
			children = (
				83ADBFF31B7AF90300BD3DD2 /* Resource */,
				83ADBFD21B7AE89F00BD3DD2 /* Common */,
				83ADBFD11B7AE89300BD3DD2 /* App */,
				83ADBFD01B7AE88A00BD3DD2 /* Service */,
				83ADBFCF1B7AE86F00BD3DD2 /* Model */,
				83ADBFCE1B7AE86200BD3DD2 /* View */,
				83ADBFCD1B7AE85800BD3DD2 /* Controller */,
			);
			path = SQLite;
			sourceTree = "<group>";
		};
		83ADBFCD1B7AE85800BD3DD2 /* Controller */ = {
			isa = PBXGroup;
			children = (
				83ADBFED1B7AF28B00BD3DD2 /* KCMainViewController.h */,
				83ADBFEE1B7AF28B00BD3DD2 /* KCMainViewController.m */,
			);
			path = Controller;
			sourceTree = "<group>";
		};
		83ADBFCE1B7AE86200BD3DD2 /* View */ = {
			isa = PBXGroup;
			children = (
				83ADBFD31B7AE8EB00BD3DD2 /* KCStatusTableViewCell.h */,
				83ADBFD41B7AE8EB00BD3DD2 /* KCStatusTableViewCell.m */,
			);
			path = View;
			sourceTree = "<group>";
		};
		83ADBFCF1B7AE86F00BD3DD2 /* Model */ = {
			isa = PBXGroup;
			children = (
				83ADBFE11B7AEE8400BD3DD2 /* KCUser.h */,
				83ADBFE21B7AEE8400BD3DD2 /* KCUser.m */,
				83ADBFE41B7AEF9900BD3DD2 /* KCStatus.h */,
				83ADBFE51B7AEF9900BD3DD2 /* KCStatus.m */,
			);
			path = Model;
			sourceTree = "<group>";
		};
		83ADBFD01B7AE88A00BD3DD2 /* Service */ = {
			isa = PBXGroup;
			children = (
				83ADBFE71B7AF06900BD3DD2 /* KCUserService.h */,
				83ADBFE81B7AF06900BD3DD2 /* KCUserService.m */,
				83ADBFEA1B7AF19600BD3DD2 /* KCStatusService.h */,
				83ADBFEB1B7AF19600BD3DD2 /* KCStatusService.m */,
			);
			path = Service;
			sourceTree = "<group>";
		};
		83ADBFD11B7AE89300BD3DD2 /* App */ = {
			isa = PBXGroup;
			children = (
				83ADBFDD1B7AEB3A00BD3DD2 /* KCAppConfig.h */,
				83ADBFDE1B7AEDC300BD3DD2 /* KCDatabaseCreator.h */,
				83ADBFDF1B7AEDC300BD3DD2 /* KCDatabaseCreator.m */,
			);
			name = App;
			path = Common;
			sourceTree = "<group>";
		};
		83ADBFD21B7AE89F00BD3DD2 /* Common */ = {
			isa = PBXGroup;
			children = (
				83ADBFD61B7AE97200BD3DD2 /* KCDbManager.h */,
				83ADBFD71B7AE97200BD3DD2 /* KCDbManager.m */,
				83ADBFDC1B7AEAAB00BD3DD2 /* KCSingleton.h */,
			);
			name = Common;
			path = App;
			sourceTree = "<group>";
		};
		83ADBFD91B7AE9C400BD3DD2 /* Frameworks */ = {
			isa = PBXGroup;
			children = (
				83ADBFDA1B7AE9D900BD3DD2 /* libsqlite3.dylib */,
			);
			path = Frameworks;
			sourceTree = "<group>";
		};
		83ADBFF31B7AF90300BD3DD2 /* Resource */ = {
			isa = PBXGroup;
			children = (
				83ADBFF41B7AF90300BD3DD2 /* binger.jpg */,
				83ADBFF51B7AF90300BD3DD2 /* lily.jpg */,
				83ADBFF61B7AF90300BD3DD2 /* mbtype@2x.png */,
				83ADBFF71B7AF90300BD3DD2 /* qianmo.jpg */,
				83ADBFF81B7AF90300BD3DD2 /* xiaona.jpg */,
			);
			path = Resource;
			sourceTree = "<group>";
		};
/* End PBXGroup section */

/* Begin PBXNativeTarget section */
		83ADBFA11B7ADEC000BD3DD2 /* xzqtest */ = {
			isa = PBXNativeTarget;
			buildConfigurationList = 83ADBFC51B7ADEC000BD3DD2 /* Build configuration list for PBXNativeTarget "xzqtest" */;
			buildPhases = (
				83ADBF9E1B7ADEC000BD3DD2 /* Sources */,
				83ADBF9F1B7ADEC000BD3DD2 /* Frameworks */,
				83ADBFA01B7ADEC000BD3DD2 /* Resources */,
			);
			buildRules = (
			);
			dependencies = (
			);
			name = xzqtest;
			productName = xzqtest;
			productReference = 83ADBFA21B7ADEC000BD3DD2 /* xzqtest.app */;
			productType = "com.apple.product-type.application";
		};
		83ADBFBA1B7ADEC000BD3DD2 /* xzqtestTests */ = {
			isa = PBXNativeTarget;
			buildConfigurationList = 83ADBFC81B7ADEC000BD3DD2 /* Build configuration list for PBXNativeTarget "xzqtestTests" */;
			buildPhases = (
				83ADBFB71B7ADEC000BD3DD2 /* Sources */,
				83ADBFB81B7ADEC000BD3DD2 /* Frameworks */,
				83ADBFB91B7ADEC000BD3DD2 /* Resources */,
			);
			buildRules = (
			);
			dependencies = (
				83ADBFBD1B7ADEC000BD3DD2 /* PBXTargetDependency */,
			);
			name = xzqtestTests;
			productName = xzqtestTests;
			productReference = 83ADBFBB1B7ADEC000BD3DD2 /* xzqtestTests.xctest */;
			productType = "com.apple.product-type.bundle.unit-test";
		};
/* End PBXNativeTarget section */

/* Begin PBXProject section */
		83ADBF9A1B7ADEC000BD3DD2 /* Project object */ = {
			isa = PBXProject;
			attributes = {
				LastUpgradeCheck = 0640;
				ORGANIZATIONNAME = CCT;
				TargetAttributes = {
					83ADBFA11B7ADEC000BD3DD2 = {
						CreatedOnToolsVersion = 6.4;
					};
					83ADBFBA1B7ADEC000BD3DD2 = {
						CreatedOnToolsVersion = 6.4;
						TestTargetID = 83ADBFA11B7ADEC000BD3DD2;
					};
				};
			};
			buildConfigurationList = 83ADBF9D1B7ADEC000BD3DD2 /* Build configuration list for PBXProject "xzqtest" */;
			compatibilityVersion = "Xcode 3.2";
			developmentRegion = English;
			hasScannedForEncodings = 0;
			knownRegions = (
				en,
				Base,
			);
			mainGroup = 83ADBF991B7ADEC000BD3DD2;
			productRefGroup = 83ADBFA31B7ADEC000BD3DD2 /* Products */;
			projectDirPath = "";
			projectRoot = "";
			targets = (
				83ADBFA11B7ADEC000BD3DD2 /* xzqtest */,
				83ADBFBA1B7ADEC000BD3DD2 /* xzqtestTests */,
			);
		};
/* End PBXProject section */

/* Begin PBXResourcesBuildPhase section */
		83ADBFA01B7ADEC000BD3DD2 /* Resources */ = {
			isa = PBXResourcesBuildPhase;
			buildActionMask = 2147483647;
			files = (
				83ADBFF91B7AF90300BD3DD2 /* binger.jpg in Resources */,
				83ADBFFD1B7AF90300BD3DD2 /* xiaona.jpg in Resources */,
				83ADBFFB1B7AF90300BD3DD2 /* mbtype@2x.png in Resources */,
				83ADBFFA1B7AF90300BD3DD2 /* lily.jpg in Resources */,
				83ADBFB11B7ADEC000BD3DD2 /* Main.storyboard in Resources */,
				83ADBFFC1B7AF90300BD3DD2 /* qianmo.jpg in Resources */,
				83ADBFB61B7ADEC000BD3DD2 /* LaunchScreen.xib in Resources */,
				83ADBFB31B7ADEC000BD3DD2 /* Images.xcassets in Resources */,
			);
			runOnlyForDeploymentPostprocessing = 0;
		};
		83ADBFB91B7ADEC000BD3DD2 /* Resources */ = {
			isa = PBXResourcesBuildPhase;
			buildActionMask = 2147483647;
			files = (
			);
			runOnlyForDeploymentPostprocessing = 0;
		};
/* End PBXResourcesBuildPhase section */

/* Begin PBXSourcesBuildPhase section */
		83ADBF9E1B7ADEC000BD3DD2 /* Sources */ = {
			isa = PBXSourcesBuildPhase;
			buildActionMask = 2147483647;
			files = (
				83ADBFAE1B7ADEC000BD3DD2 /* ViewController.m in Sources */,
				83ADBFE91B7AF06900BD3DD2 /* KCUserService.m in Sources */,
				83ADBFE31B7AEE8400BD3DD2 /* KCUser.m in Sources */,
				83ADBFEF1B7AF28B00BD3DD2 /* KCMainViewController.m in Sources */,
				83ADBFAB1B7ADEC000BD3DD2 /* AppDelegate.m in Sources */,
				83ADBFA81B7ADEC000BD3DD2 /* main.m in Sources */,
				83ADBFD81B7AE97200BD3DD2 /* KCDbManager.m in Sources */,
				83ADBFD51B7AE8EB00BD3DD2 /* KCStatusTableViewCell.m in Sources */,
				83ADBFF21B7AF51B00BD3DD2 /* DatabaseMainViewController.m in Sources */,
				83ADBFEC1B7AF19600BD3DD2 /* KCStatusService.m in Sources */,
				83ADBFE01B7AEDC300BD3DD2 /* KCDatabaseCreator.m in Sources */,
				83ADBFE61B7AEF9900BD3DD2 /* KCStatus.m in Sources */,
			);
			runOnlyForDeploymentPostprocessing = 0;
		};
		83ADBFB71B7ADEC000BD3DD2 /* Sources */ = {
			isa = PBXSourcesBuildPhase;
			buildActionMask = 2147483647;
			files = (
				83ADBFC21B7ADEC000BD3DD2 /* xzqtestTests.m in Sources */,
			);
			runOnlyForDeploymentPostprocessing = 0;
		};
/* End PBXSourcesBuildPhase section */

/* Begin PBXTargetDependency section */
		83ADBFBD1B7ADEC000BD3DD2 /* PBXTargetDependency */ = {
			isa = PBXTargetDependency;
			target = 83ADBFA11B7ADEC000BD3DD2 /* xzqtest */;
			targetProxy = 83ADBFBC1B7ADEC000BD3DD2 /* PBXContainerItemProxy */;
		};
/* End PBXTargetDependency section */

/* Begin PBXVariantGroup section */
		83ADBFAF1B7ADEC000BD3DD2 /* Main.storyboard */ = {
			isa = PBXVariantGroup;
			children = (
				83ADBFB01B7ADEC000BD3DD2 /* Base */,
			);
			name = Main.storyboard;
			sourceTree = "<group>";
		};
		83ADBFB41B7ADEC000BD3DD2 /* LaunchScreen.xib */ = {
			isa = PBXVariantGroup;
			children = (
				83ADBFB51B7ADEC000BD3DD2 /* Base */,
			);
			name = LaunchScreen.xib;
			sourceTree = "<group>";
		};
/* End PBXVariantGroup section */

/* Begin XCBuildConfiguration section */
		83ADBFC31B7ADEC000BD3DD2 /* Debug */ = {
			isa = XCBuildConfiguration;
			buildSettings = {
				ALWAYS_SEARCH_USER_PATHS = NO;
				CLANG_CXX_LANGUAGE_STANDARD = "gnu++0x";
				CLANG_CXX_LIBRARY = "libc++";
				CLANG_ENABLE_MODULES = YES;
				CLANG_ENABLE_OBJC_ARC = YES;
				CLANG_WARN_BOOL_CONVERSION = YES;
				CLANG_WARN_CONSTANT_CONVERSION = YES;
				CLANG_WARN_DIRECT_OBJC_ISA_USAGE = YES_ERROR;
				CLANG_WARN_EMPTY_BODY = YES;
				CLANG_WARN_ENUM_CONVERSION = YES;
				CLANG_WARN_INT_CONVERSION = YES;
				CLANG_WARN_OBJC_ROOT_CLASS = YES_ERROR;
				CLANG_WARN_UNREACHABLE_CODE = YES;
				CLANG_WARN__DUPLICATE_METHOD_MATCH = YES;
				"CODE_SIGN_IDENTITY[sdk=iphoneos*]" = "iPhone Developer";
				COPY_PHASE_STRIP = NO;
				DEBUG_INFORMATION_FORMAT = "dwarf-with-dsym";
				ENABLE_STRICT_OBJC_MSGSEND = YES;
				GCC_C_LANGUAGE_STANDARD = gnu99;
				GCC_DYNAMIC_NO_PIC = NO;
				GCC_NO_COMMON_BLOCKS = YES;
				GCC_OPTIMIZATION_LEVEL = 0;
				GCC_PREPROCESSOR_DEFINITIONS = (
					"DEBUG=1",
					"$(inherited)",
				);
				GCC_SYMBOLS_PRIVATE_EXTERN = NO;
				GCC_WARN_64_TO_32_BIT_CONVERSION = YES;
				GCC_WARN_ABOUT_RETURN_TYPE = YES_ERROR;
				GCC_WARN_UNDECLARED_SELECTOR = YES;
				GCC_WARN_UNINITIALIZED_AUTOS = YES_AGGRESSIVE;
				GCC_WARN_UNUSED_FUNCTION = YES;
				GCC_WARN_UNUSED_VARIABLE = YES;
				IPHONEOS_DEPLOYMENT_TARGET = 8.4;
				MTL_ENABLE_DEBUG_INFO = YES;
				ONLY_ACTIVE_ARCH = YES;
				SDKROOT = iphoneos;
				TARGETED_DEVICE_FAMILY = "1,2";
			};
			name = Debug;
		};
		83ADBFC41B7ADEC000BD3DD2 /* Release */ = {
			isa = XCBuildConfiguration;
			buildSettings = {
				ALWAYS_SEARCH_USER_PATHS = NO;
				CLANG_CXX_LANGUAGE_STANDARD = "gnu++0x";
				CLANG_CXX_LIBRARY = "libc++";
				CLANG_ENABLE_MODULES = YES;
				CLANG_ENABLE_OBJC_ARC = YES;
				CLANG_WARN_BOOL_CONVERSION = YES;
				CLANG_WARN_CONSTANT_CONVERSION = YES;
				CLANG_WARN_DIRECT_OBJC_ISA_USAGE = YES_ERROR;
				CLANG_WARN_EMPTY_BODY = YES;
				CLANG_WARN_ENUM_CONVERSION = YES;
				CLANG_WARN_INT_CONVERSION = YES;
				CLANG_WARN_OBJC_ROOT_CLASS = YES_ERROR;
				CLANG_WARN_UNREACHABLE_CODE = YES;
				CLANG_WARN__DUPLICATE_METHOD_MATCH = YES;
				"CODE_SIGN_IDENTITY[sdk=iphoneos*]" = "iPhone Developer";
				COPY_PHASE_STRIP = NO;
				DEBUG_INFORMATION_FORMAT = "dwarf-with-dsym";
				ENABLE_NS_ASSERTIONS = NO;
				ENABLE_STRICT_OBJC_MSGSEND = YES;
				GCC_C_LANGUAGE_STANDARD = gnu99;
				GCC_NO_COMMON_BLOCKS = YES;
				GCC_WARN_64_TO_32_BIT_CONVERSION = YES;
				GCC_WARN_ABOUT_RETURN_TYPE = YES_ERROR;
				GCC_WARN_UNDECLARED_SELECTOR = YES;
				GCC_WARN_UNINITIALIZED_AUTOS = YES_AGGRESSIVE;
				GCC_WARN_UNUSED_FUNCTION = YES;
				GCC_WARN_UNUSED_VARIABLE = YES;
				IPHONEOS_DEPLOYMENT_TARGET = 8.4;
				MTL_ENABLE_DEBUG_INFO = NO;
				SDKROOT = iphoneos;
				TARGETED_DEVICE_FAMILY = "1,2";
				VALIDATE_PRODUCT = YES;
			};
			name = Release;
		};
		83ADBFC61B7ADEC000BD3DD2 /* Debug */ = {
			isa = XCBuildConfiguration;
			buildSettings = {
				ASSETCATALOG_COMPILER_APPICON_NAME = AppIcon;
				INFOPLIST_FILE = xzqtest/Info.plist;
				LD_RUNPATH_SEARCH_PATHS = "$(inherited) @executable_path/Frameworks";
				PRODUCT_NAME = "$(TARGET_NAME)";
			};
			name = Debug;
		};
		83ADBFC71B7ADEC000BD3DD2 /* Release */ = {
			isa = XCBuildConfiguration;
			buildSettings = {
				ASSETCATALOG_COMPILER_APPICON_NAME = AppIcon;
				INFOPLIST_FILE = xzqtest/Info.plist;
				LD_RUNPATH_SEARCH_PATHS = "$(inherited) @executable_path/Frameworks";
				PRODUCT_NAME = "$(TARGET_NAME)";
			};
			name = Release;
		};
		83ADBFC91B7ADEC000BD3DD2 /* Debug */ = {
			isa = XCBuildConfiguration;
			buildSettings = {
				BUNDLE_LOADER = "$(TEST_HOST)";
				FRAMEWORK_SEARCH_PATHS = (
					"$(SDKROOT)/Developer/Library/Frameworks",
					"$(inherited)",
				);
				GCC_PREPROCESSOR_DEFINITIONS = (
					"DEBUG=1",
					"$(inherited)",
				);
				INFOPLIST_FILE = xzqtestTests/Info.plist;
				LD_RUNPATH_SEARCH_PATHS = "$(inherited) @executable_path/Frameworks @loader_path/Frameworks";
				PRODUCT_NAME = "$(TARGET_NAME)";
				TEST_HOST = "$(BUILT_PRODUCTS_DIR)/xzqtest.app/xzqtest";
			};
			name = Debug;
		};
		83ADBFCA1B7ADEC000BD3DD2 /* Release */ = {
			isa = XCBuildConfiguration;
			buildSettings = {
				BUNDLE_LOADER = "$(TEST_HOST)";
				FRAMEWORK_SEARCH_PATHS = (
					"$(SDKROOT)/Developer/Library/Frameworks",
					"$(inherited)",
				);
				INFOPLIST_FILE = xzqtestTests/Info.plist;
				LD_RUNPATH_SEARCH_PATHS = "$(inherited) @executable_path/Frameworks @loader_path/Frameworks";
				PRODUCT_NAME = "$(TARGET_NAME)";
				TEST_HOST = "$(BUILT_PRODUCTS_DIR)/xzqtest.app/xzqtest";
			};
			name = Release;
		};
/* End XCBuildConfiguration section */

/* Begin XCConfigurationList section */
		83ADBF9D1B7ADEC000BD3DD2 /* Build configuration list for PBXProject "xzqtest" */ = {
			isa = XCConfigurationList;
			buildConfigurations = (
				83ADBFC31B7ADEC000BD3DD2 /* Debug */,
				83ADBFC41B7ADEC000BD3DD2 /* Release */,
			);
			defaultConfigurationIsVisible = 0;
			defaultConfigurationName = Release;
		};
		83ADBFC51B7ADEC000BD3DD2 /* Build configuration list for PBXNativeTarget "xzqtest" */ = {
			isa = XCConfigurationList;
			buildConfigurations = (
				83ADBFC61B7ADEC000BD3DD2 /* Debug */,
				83ADBFC71B7ADEC000BD3DD2 /* Release */,
			);
			defaultConfigurationIsVisible = 0;
		};
		83ADBFC81B7ADEC000BD3DD2 /* Build configuration list for PBXNativeTarget "xzqtestTests" */ = {
			isa = XCConfigurationList;
			buildConfigurations = (
				83ADBFC91B7ADEC000BD3DD2 /* Debug */,
				83ADBFCA1B7ADEC000BD3DD2 /* Release */,
			);
			defaultConfigurationIsVisible = 0;
		};
/* End XCConfigurationList section */
	};
	rootObject = 83ADBF9A1B7ADEC000BD3DD2 /* Project object */;
}
