// !$*UTF8*$!
{
	archiveVersion = 1;
	classes = {
	};
	objectVersion = 46;
	objects = {

/* Begin PBXBuildFile section */
		74BECAB71BBB81C7007D8AD4 /* main.m in Sources */ = {isa = PBXBuildFile; fileRef = 74BECAB61BBB81C7007D8AD4 /* main.m */; };
		74BECABA1BBB81C7007D8AD4 /* AppDelegate.m in Sources */ = {isa = PBXBuildFile; fileRef = 74BECAB91BBB81C7007D8AD4 /* AppDelegate.m */; };
		74BECABD1BBB81C7007D8AD4 /* ViewController.m in Sources */ = {isa = PBXBuildFile; fileRef = 74BECABC1BBB81C7007D8AD4 /* ViewController.m */; };
		74BECAC01BBB81C7007D8AD4 /* Main.storyboard in Resources */ = {isa = PBXBuildFile; fileRef = 74BECABE1BBB81C7007D8AD4 /* Main.storyboard */; };
		74BECAC21BBB81C7007D8AD4 /* Assets.xcassets in Resources */ = {isa = PBXBuildFile; fileRef = 74BECAC11BBB81C7007D8AD4 /* Assets.xcassets */; };
		74BECAC51BBB81C7007D8AD4 /* LaunchScreen.storyboard in Resources */ = {isa = PBXBuildFile; fileRef = 74BECAC31BBB81C7007D8AD4 /* LaunchScreen.storyboard */; };
		74BECAD01BBB81C7007D8AD4 /* DemoAppTests.m in Sources */ = {isa = PBXBuildFile; fileRef = 74BECACF1BBB81C7007D8AD4 /* DemoAppTests.m */; };
		74BECADB1BBB81C7007D8AD4 /* DemoAppUITests.m in Sources */ = {isa = PBXBuildFile; fileRef = 74BECADA1BBB81C7007D8AD4 /* DemoAppUITests.m */; };
		74BECAEE1BBB8632007D8AD4 /* RCDLoginViewController.m in Sources */ = {isa = PBXBuildFile; fileRef = 74BECAED1BBB8632007D8AD4 /* RCDLoginViewController.m */; settings = {ASSET_TAGS = (); }; };
		74BECAF11BBB8687007D8AD4 /* RCAnimatedImagesView.m in Sources */ = {isa = PBXBuildFile; fileRef = 74BECAF01BBB8687007D8AD4 /* RCAnimatedImagesView.m */; settings = {ASSET_TAGS = (); }; };
		74BECAF41BBB8A30007D8AD4 /* RCUnderlineTextField.m in Sources */ = {isa = PBXBuildFile; fileRef = 74BECAF31BBB8A30007D8AD4 /* RCUnderlineTextField.m */; settings = {ASSET_TAGS = (); }; };
		74BECAFA1BBB9155007D8AD4 /* UIColor+RCColor.m in Sources */ = {isa = PBXBuildFile; fileRef = 74BECAF91BBB9155007D8AD4 /* UIColor+RCColor.m */; settings = {ASSET_TAGS = (); }; };
		74D6EC1E1BBBBBBE005D99B9 /* RCDFindPswViewController.m in Sources */ = {isa = PBXBuildFile; fileRef = 74D6EC1D1BBBBBBE005D99B9 /* RCDFindPswViewController.m */; settings = {ASSET_TAGS = (); }; };
		74D6EC221BBBC334005D99B9 /* RCDRegisterViewController.m in Sources */ = {isa = PBXBuildFile; fileRef = 74D6EC211BBBC334005D99B9 /* RCDRegisterViewController.m */; settings = {ASSET_TAGS = (); }; };
		74EAB9561BBBE15A006E4C20 /* AFHTTPRequestOperation.m in Sources */ = {isa = PBXBuildFile; fileRef = 74EAB8E21BBBE15A006E4C20 /* AFHTTPRequestOperation.m */; settings = {ASSET_TAGS = (); }; };
		74EAB9571BBBE15A006E4C20 /* AFHTTPRequestOperationManager.m in Sources */ = {isa = PBXBuildFile; fileRef = 74EAB8E41BBBE15A006E4C20 /* AFHTTPRequestOperationManager.m */; settings = {ASSET_TAGS = (); }; };
		74EAB9581BBBE15A006E4C20 /* AFHTTPSessionManager.m in Sources */ = {isa = PBXBuildFile; fileRef = 74EAB8E61BBBE15A006E4C20 /* AFHTTPSessionManager.m */; settings = {ASSET_TAGS = (); }; };
		74EAB9591BBBE15A006E4C20 /* AFNetworkReachabilityManager.m in Sources */ = {isa = PBXBuildFile; fileRef = 74EAB8E91BBBE15A006E4C20 /* AFNetworkReachabilityManager.m */; settings = {ASSET_TAGS = (); }; };
		74EAB95A1BBBE15A006E4C20 /* AFSecurityPolicy.m in Sources */ = {isa = PBXBuildFile; fileRef = 74EAB8EB1BBBE15A006E4C20 /* AFSecurityPolicy.m */; settings = {ASSET_TAGS = (); }; };
		74EAB95B1BBBE15A006E4C20 /* AFURLConnectionOperation.m in Sources */ = {isa = PBXBuildFile; fileRef = 74EAB8ED1BBBE15A006E4C20 /* AFURLConnectionOperation.m */; settings = {ASSET_TAGS = (); }; };
		74EAB95C1BBBE15A006E4C20 /* AFURLRequestSerialization.m in Sources */ = {isa = PBXBuildFile; fileRef = 74EAB8EF1BBBE15A006E4C20 /* AFURLRequestSerialization.m */; settings = {ASSET_TAGS = (); }; };
		74EAB95D1BBBE15A006E4C20 /* AFURLResponseSerialization.m in Sources */ = {isa = PBXBuildFile; fileRef = 74EAB8F11BBBE15A006E4C20 /* AFURLResponseSerialization.m */; settings = {ASSET_TAGS = (); }; };
		74EAB95E1BBBE15A006E4C20 /* AFURLSessionManager.m in Sources */ = {isa = PBXBuildFile; fileRef = 74EAB8F31BBBE15A006E4C20 /* AFURLSessionManager.m */; settings = {ASSET_TAGS = (); }; };
		74EAB95F1BBBE15A006E4C20 /* AFNetworkActivityIndicatorManager.m in Sources */ = {isa = PBXBuildFile; fileRef = 74EAB8F61BBBE15A006E4C20 /* AFNetworkActivityIndicatorManager.m */; settings = {ASSET_TAGS = (); }; };
		74EAB9601BBBE15A006E4C20 /* UIActivityIndicatorView+AFNetworking.m in Sources */ = {isa = PBXBuildFile; fileRef = 74EAB8F81BBBE15A006E4C20 /* UIActivityIndicatorView+AFNetworking.m */; settings = {ASSET_TAGS = (); }; };
		74EAB9611BBBE15A006E4C20 /* UIAlertView+AFNetworking.m in Sources */ = {isa = PBXBuildFile; fileRef = 74EAB8FA1BBBE15A006E4C20 /* UIAlertView+AFNetworking.m */; settings = {ASSET_TAGS = (); }; };
		74EAB9621BBBE15A006E4C20 /* UIButton+AFNetworking.m in Sources */ = {isa = PBXBuildFile; fileRef = 74EAB8FC1BBBE15A006E4C20 /* UIButton+AFNetworking.m */; settings = {ASSET_TAGS = (); }; };
		74EAB9631BBBE15A006E4C20 /* UIImageView+AFNetworking.m in Sources */ = {isa = PBXBuildFile; fileRef = 74EAB8FE1BBBE15A006E4C20 /* UIImageView+AFNetworking.m */; settings = {ASSET_TAGS = (); }; };
		74EAB9641BBBE15A006E4C20 /* UIProgressView+AFNetworking.m in Sources */ = {isa = PBXBuildFile; fileRef = 74EAB9011BBBE15A006E4C20 /* UIProgressView+AFNetworking.m */; settings = {ASSET_TAGS = (); }; };
		74EAB9651BBBE15A006E4C20 /* UIRefreshControl+AFNetworking.m in Sources */ = {isa = PBXBuildFile; fileRef = 74EAB9031BBBE15A006E4C20 /* UIRefreshControl+AFNetworking.m */; settings = {ASSET_TAGS = (); }; };
		74EAB9661BBBE15A006E4C20 /* UIWebView+AFNetworking.m in Sources */ = {isa = PBXBuildFile; fileRef = 74EAB9051BBBE15A006E4C20 /* UIWebView+AFNetworking.m */; settings = {ASSET_TAGS = (); }; };
		74EAB9671BBBE15A006E4C20 /* DBHelper.m in Sources */ = {isa = PBXBuildFile; fileRef = 74EAB9081BBBE15A006E4C20 /* DBHelper.m */; settings = {ASSET_TAGS = (); }; };
		74EAB9681BBBE15A006E4C20 /* FMDatabase.m in Sources */ = {isa = PBXBuildFile; fileRef = 74EAB90A1BBBE15A006E4C20 /* FMDatabase.m */; settings = {ASSET_TAGS = (); }; };
		74EAB9691BBBE15A006E4C20 /* FMDatabaseAdditions.m in Sources */ = {isa = PBXBuildFile; fileRef = 74EAB90C1BBBE15A006E4C20 /* FMDatabaseAdditions.m */; settings = {ASSET_TAGS = (); }; };
		74EAB96A1BBBE15A006E4C20 /* FMDatabasePool.m in Sources */ = {isa = PBXBuildFile; fileRef = 74EAB90E1BBBE15A006E4C20 /* FMDatabasePool.m */; settings = {ASSET_TAGS = (); }; };
		74EAB96B1BBBE15A006E4C20 /* FMDatabaseQueue.m in Sources */ = {isa = PBXBuildFile; fileRef = 74EAB9101BBBE15A006E4C20 /* FMDatabaseQueue.m */; settings = {ASSET_TAGS = (); }; };
		74EAB96C1BBBE15A006E4C20 /* FMResultSet.m in Sources */ = {isa = PBXBuildFile; fileRef = 74EAB9131BBBE15A006E4C20 /* FMResultSet.m */; settings = {ASSET_TAGS = (); }; };
		74EAB96D1BBBE15A006E4C20 /* JSONModel.m in Sources */ = {isa = PBXBuildFile; fileRef = 74EAB9171BBBE15A006E4C20 /* JSONModel.m */; settings = {ASSET_TAGS = (); }; };
		74EAB96E1BBBE15A006E4C20 /* JSONModelArray.m in Sources */ = {isa = PBXBuildFile; fileRef = 74EAB9191BBBE15A006E4C20 /* JSONModelArray.m */; settings = {ASSET_TAGS = (); }; };
		74EAB96F1BBBE15A006E4C20 /* JSONModelClassProperty.m in Sources */ = {isa = PBXBuildFile; fileRef = 74EAB91B1BBBE15A006E4C20 /* JSONModelClassProperty.m */; settings = {ASSET_TAGS = (); }; };
		74EAB9701BBBE15A006E4C20 /* JSONModelError.m in Sources */ = {isa = PBXBuildFile; fileRef = 74EAB91D1BBBE15A006E4C20 /* JSONModelError.m */; settings = {ASSET_TAGS = (); }; };
		74EAB9711BBBE15A006E4C20 /* NSArray+JSONModel.m in Sources */ = {isa = PBXBuildFile; fileRef = 74EAB9201BBBE15A006E4C20 /* NSArray+JSONModel.m */; settings = {ASSET_TAGS = (); }; };
		74EAB9721BBBE15A006E4C20 /* JSONAPI.m in Sources */ = {isa = PBXBuildFile; fileRef = 74EAB9241BBBE15A006E4C20 /* JSONAPI.m */; settings = {ASSET_TAGS = (); }; };
		74EAB9731BBBE15A006E4C20 /* JSONHTTPClient.m in Sources */ = {isa = PBXBuildFile; fileRef = 74EAB9261BBBE15A006E4C20 /* JSONHTTPClient.m */; settings = {ASSET_TAGS = (); }; };
		74EAB9741BBBE15A006E4C20 /* JSONModel+networking.m in Sources */ = {isa = PBXBuildFile; fileRef = 74EAB9281BBBE15A006E4C20 /* JSONModel+networking.m */; settings = {ASSET_TAGS = (); }; };
		74EAB9751BBBE15A006E4C20 /* JSONKeyMapper.m in Sources */ = {isa = PBXBuildFile; fileRef = 74EAB92B1BBBE15A006E4C20 /* JSONKeyMapper.m */; settings = {ASSET_TAGS = (); }; };
		74EAB9761BBBE15A006E4C20 /* JSONValueTransformer.m in Sources */ = {isa = PBXBuildFile; fileRef = 74EAB92D1BBBE15A006E4C20 /* JSONValueTransformer.m */; settings = {ASSET_TAGS = (); }; };
		74EAB9781BBBE15A006E4C20 /* MBProgressHUD.m in Sources */ = {isa = PBXBuildFile; fileRef = 74EAB9331BBBE15A006E4C20 /* MBProgressHUD.m */; settings = {ASSET_TAGS = (); }; };
		74EAB9791BBBE15A006E4C20 /* MKAnnotationView+WebCache.m in Sources */ = {isa = PBXBuildFile; fileRef = 74EAB9361BBBE15A006E4C20 /* MKAnnotationView+WebCache.m */; settings = {ASSET_TAGS = (); }; };
		74EAB97A1BBBE15A006E4C20 /* NSData+ImageContentType.m in Sources */ = {isa = PBXBuildFile; fileRef = 74EAB9381BBBE15A006E4C20 /* NSData+ImageContentType.m */; settings = {ASSET_TAGS = (); }; };
		74EAB97B1BBBE15A006E4C20 /* SDImageCache.m in Sources */ = {isa = PBXBuildFile; fileRef = 74EAB93A1BBBE15A006E4C20 /* SDImageCache.m */; settings = {ASSET_TAGS = (); }; };
		74EAB97C1BBBE15A006E4C20 /* SDWebImageCompat.m in Sources */ = {isa = PBXBuildFile; fileRef = 74EAB93C1BBBE15A006E4C20 /* SDWebImageCompat.m */; settings = {ASSET_TAGS = (); }; };
		74EAB97D1BBBE15A006E4C20 /* SDWebImageDecoder.m in Sources */ = {isa = PBXBuildFile; fileRef = 74EAB93E1BBBE15A006E4C20 /* SDWebImageDecoder.m */; settings = {ASSET_TAGS = (); }; };
		74EAB97E1BBBE15A006E4C20 /* SDWebImageDownloader.m in Sources */ = {isa = PBXBuildFile; fileRef = 74EAB9401BBBE15A006E4C20 /* SDWebImageDownloader.m */; settings = {ASSET_TAGS = (); }; };
		74EAB97F1BBBE15A006E4C20 /* SDWebImageDownloaderOperation.m in Sources */ = {isa = PBXBuildFile; fileRef = 74EAB9421BBBE15A006E4C20 /* SDWebImageDownloaderOperation.m */; settings = {ASSET_TAGS = (); }; };
		74EAB9801BBBE15A006E4C20 /* SDWebImageManager.m in Sources */ = {isa = PBXBuildFile; fileRef = 74EAB9441BBBE15A006E4C20 /* SDWebImageManager.m */; settings = {ASSET_TAGS = (); }; };
		74EAB9811BBBE15A006E4C20 /* SDWebImagePrefetcher.m in Sources */ = {isa = PBXBuildFile; fileRef = 74EAB9471BBBE15A006E4C20 /* SDWebImagePrefetcher.m */; settings = {ASSET_TAGS = (); }; };
		74EAB9821BBBE15A006E4C20 /* UIButton+WebCache.m in Sources */ = {isa = PBXBuildFile; fileRef = 74EAB9491BBBE15A006E4C20 /* UIButton+WebCache.m */; settings = {ASSET_TAGS = (); }; };
		74EAB9831BBBE15A006E4C20 /* UIImage+GIF.m in Sources */ = {isa = PBXBuildFile; fileRef = 74EAB94B1BBBE15A006E4C20 /* UIImage+GIF.m */; settings = {ASSET_TAGS = (); }; };
		74EAB9841BBBE15A006E4C20 /* UIImage+MultiFormat.m in Sources */ = {isa = PBXBuildFile; fileRef = 74EAB94D1BBBE15A006E4C20 /* UIImage+MultiFormat.m */; settings = {ASSET_TAGS = (); }; };
		74EAB9851BBBE15A006E4C20 /* UIImage+WebP.m in Sources */ = {isa = PBXBuildFile; fileRef = 74EAB94F1BBBE15A006E4C20 /* UIImage+WebP.m */; settings = {ASSET_TAGS = (); }; };
		74EAB9861BBBE15A006E4C20 /* UIImageView+HighlightedWebCache.m in Sources */ = {isa = PBXBuildFile; fileRef = 74EAB9511BBBE15A006E4C20 /* UIImageView+HighlightedWebCache.m */; settings = {ASSET_TAGS = (); }; };
		74EAB9871BBBE15A006E4C20 /* UIImageView+WebCache.m in Sources */ = {isa = PBXBuildFile; fileRef = 74EAB9531BBBE15A006E4C20 /* UIImageView+WebCache.m */; settings = {ASSET_TAGS = (); }; };
		74EAB9881BBBE15A006E4C20 /* UIView+WebCacheOperation.m in Sources */ = {isa = PBXBuildFile; fileRef = 74EAB9551BBBE15A006E4C20 /* UIView+WebCacheOperation.m */; settings = {ASSET_TAGS = (); }; };
		74EAB98C1BBBE237006E4C20 /* AppkeyModel.m in Sources */ = {isa = PBXBuildFile; fileRef = 74EAB98B1BBBE237006E4C20 /* AppkeyModel.m */; settings = {ASSET_TAGS = (); }; };
		74EAB9901BBBE2FF006E4C20 /* AFHttpTool.m in Sources */ = {isa = PBXBuildFile; fileRef = 74EAB98F1BBBE2FF006E4C20 /* AFHttpTool.m */; settings = {ASSET_TAGS = (); }; };
		74EAB9941BBBE3A9006E4C20 /* RCDLoginInfo.m in Sources */ = {isa = PBXBuildFile; fileRef = 74EAB9931BBBE3A9006E4C20 /* RCDLoginInfo.m */; settings = {ASSET_TAGS = (); }; };
		74EAB9971BBBE412006E4C20 /* UITextField+Shake.m in Sources */ = {isa = PBXBuildFile; fileRef = 74EAB9961BBBE412006E4C20 /* UITextField+Shake.m */; settings = {ASSET_TAGS = (); }; };
		74EAB99A1BBBE47C006E4C20 /* RCDTextFieldValidate.m in Sources */ = {isa = PBXBuildFile; fileRef = 74EAB9991BBBE47C006E4C20 /* RCDTextFieldValidate.m */; settings = {ASSET_TAGS = (); }; };
		74EAB99D1BBBE568006E4C20 /* RCDHttpTool.m in Sources */ = {isa = PBXBuildFile; fileRef = 74EAB99C1BBBE568006E4C20 /* RCDHttpTool.m */; settings = {ASSET_TAGS = (); }; };
		74EAB9A01BBBE5A3006E4C20 /* RCDUserInfo.m in Sources */ = {isa = PBXBuildFile; fileRef = 74EAB99F1BBBE5A3006E4C20 /* RCDUserInfo.m */; settings = {ASSET_TAGS = (); }; };
		74EAB9A31BBBE71A006E4C20 /* RCDGroupInfo.m in Sources */ = {isa = PBXBuildFile; fileRef = 74EAB9A21BBBE71A006E4C20 /* RCDGroupInfo.m */; settings = {ASSET_TAGS = (); }; };
		74EAB9A61BBBE722006E4C20 /* RCDataBaseManager.m in Sources */ = {isa = PBXBuildFile; fileRef = 74EAB9A51BBBE722006E4C20 /* RCDataBaseManager.m */; settings = {ASSET_TAGS = (); }; };
		74EAB9AA1BBBE7A7006E4C20 /* RCDRCIMDataSource.m in Sources */ = {isa = PBXBuildFile; fileRef = 74EAB9A91BBBE7A7006E4C20 /* RCDRCIMDataSource.m */; settings = {ASSET_TAGS = (); }; };
		D5BC6DA93ED722CB634847E0 /* libPods.a in Frameworks */ = {isa = PBXBuildFile; fileRef = 4F8303D274DC02A4E90E1854 /* libPods.a */; };
/* End PBXBuildFile section */

/* Begin PBXContainerItemProxy section */
		74BECACC1BBB81C7007D8AD4 /* PBXContainerItemProxy */ = {
			isa = PBXContainerItemProxy;
			containerPortal = 74BECAAA1BBB81C7007D8AD4 /* Project object */;
			proxyType = 1;
			remoteGlobalIDString = 74BECAB11BBB81C7007D8AD4;
			remoteInfo = DemoApp;
		};
		74BECAD71BBB81C7007D8AD4 /* PBXContainerItemProxy */ = {
			isa = PBXContainerItemProxy;
			containerPortal = 74BECAAA1BBB81C7007D8AD4 /* Project object */;
			proxyType = 1;
			remoteGlobalIDString = 74BECAB11BBB81C7007D8AD4;
			remoteInfo = DemoApp;
		};
/* End PBXContainerItemProxy section */

/* Begin PBXFileReference section */
		378F1E1BCFAC069F9DF5F5B9 /* Pods.debug.xcconfig */ = {isa = PBXFileReference; includeInIndex = 1; lastKnownFileType = text.xcconfig; name = Pods.debug.xcconfig; path = "Pods/Target Support Files/Pods/Pods.debug.xcconfig"; sourceTree = "<group>"; };
		4F8303D274DC02A4E90E1854 /* libPods.a */ = {isa = PBXFileReference; explicitFileType = archive.ar; includeInIndex = 0; path = libPods.a; sourceTree = BUILT_PRODUCTS_DIR; };
		74BECAB21BBB81C7007D8AD4 /* DemoApp.app */ = {isa = PBXFileReference; explicitFileType = wrapper.application; includeInIndex = 0; path = DemoApp.app; sourceTree = BUILT_PRODUCTS_DIR; };
		74BECAB61BBB81C7007D8AD4 /* main.m */ = {isa = PBXFileReference; lastKnownFileType = sourcecode.c.objc; path = main.m; sourceTree = "<group>"; };
		74BECAB81BBB81C7007D8AD4 /* AppDelegate.h */ = {isa = PBXFileReference; lastKnownFileType = sourcecode.c.h; path = AppDelegate.h; sourceTree = "<group>"; };
		74BECAB91BBB81C7007D8AD4 /* AppDelegate.m */ = {isa = PBXFileReference; lastKnownFileType = sourcecode.c.objc; path = AppDelegate.m; sourceTree = "<group>"; };
		74BECABB1BBB81C7007D8AD4 /* ViewController.h */ = {isa = PBXFileReference; lastKnownFileType = sourcecode.c.h; path = ViewController.h; sourceTree = "<group>"; };
		74BECABC1BBB81C7007D8AD4 /* ViewController.m */ = {isa = PBXFileReference; lastKnownFileType = sourcecode.c.objc; path = ViewController.m; sourceTree = "<group>"; };
		74BECABF1BBB81C7007D8AD4 /* Base */ = {isa = PBXFileReference; lastKnownFileType = file.storyboard; name = Base; path = Base.lproj/Main.storyboard; sourceTree = "<group>"; };
		74BECAC11BBB81C7007D8AD4 /* Assets.xcassets */ = {isa = PBXFileReference; lastKnownFileType = folder.assetcatalog; path = Assets.xcassets; sourceTree = "<group>"; };
		74BECAC41BBB81C7007D8AD4 /* Base */ = {isa = PBXFileReference; lastKnownFileType = file.storyboard; name = Base; path = Base.lproj/LaunchScreen.storyboard; sourceTree = "<group>"; };
		74BECAC61BBB81C7007D8AD4 /* Info.plist */ = {isa = PBXFileReference; lastKnownFileType = text.plist.xml; path = Info.plist; sourceTree = "<group>"; };
		74BECACB1BBB81C7007D8AD4 /* DemoAppTests.xctest */ = {isa = PBXFileReference; explicitFileType = wrapper.cfbundle; includeInIndex = 0; path = DemoAppTests.xctest; sourceTree = BUILT_PRODUCTS_DIR; };
		74BECACF1BBB81C7007D8AD4 /* DemoAppTests.m */ = {isa = PBXFileReference; lastKnownFileType = sourcecode.c.objc; path = DemoAppTests.m; sourceTree = "<group>"; };
		74BECAD11BBB81C7007D8AD4 /* Info.plist */ = {isa = PBXFileReference; lastKnownFileType = text.plist.xml; path = Info.plist; sourceTree = "<group>"; };
		74BECAD61BBB81C7007D8AD4 /* DemoAppUITests.xctest */ = {isa = PBXFileReference; explicitFileType = wrapper.cfbundle; includeInIndex = 0; path = DemoAppUITests.xctest; sourceTree = BUILT_PRODUCTS_DIR; };
		74BECADA1BBB81C7007D8AD4 /* DemoAppUITests.m */ = {isa = PBXFileReference; lastKnownFileType = sourcecode.c.objc; path = DemoAppUITests.m; sourceTree = "<group>"; };
		74BECADC1BBB81C7007D8AD4 /* Info.plist */ = {isa = PBXFileReference; lastKnownFileType = text.plist.xml; path = Info.plist; sourceTree = "<group>"; };
		74BECAE91BBB8551007D8AD4 /* RCDCommonDefine.h */ = {isa = PBXFileReference; lastKnownFileType = sourcecode.c.h; path = RCDCommonDefine.h; sourceTree = "<group>"; };
		74BECAEC1BBB8632007D8AD4 /* RCDLoginViewController.h */ = {isa = PBXFileReference; fileEncoding = 4; lastKnownFileType = sourcecode.c.h; path = RCDLoginViewController.h; sourceTree = "<group>"; };
		74BECAED1BBB8632007D8AD4 /* RCDLoginViewController.m */ = {isa = PBXFileReference; fileEncoding = 4; lastKnownFileType = sourcecode.c.objc; path = RCDLoginViewController.m; sourceTree = "<group>"; };
		74BECAEF1BBB8687007D8AD4 /* RCAnimatedImagesView.h */ = {isa = PBXFileReference; fileEncoding = 4; lastKnownFileType = sourcecode.c.h; path = RCAnimatedImagesView.h; sourceTree = "<group>"; };
		74BECAF01BBB8687007D8AD4 /* RCAnimatedImagesView.m */ = {isa = PBXFileReference; fileEncoding = 4; lastKnownFileType = sourcecode.c.objc; path = RCAnimatedImagesView.m; sourceTree = "<group>"; };
		74BECAF21BBB8A30007D8AD4 /* RCUnderlineTextField.h */ = {isa = PBXFileReference; fileEncoding = 4; lastKnownFileType = sourcecode.c.h; path = RCUnderlineTextField.h; sourceTree = "<group>"; };
		74BECAF31BBB8A30007D8AD4 /* RCUnderlineTextField.m */ = {isa = PBXFileReference; fileEncoding = 4; lastKnownFileType = sourcecode.c.objc; path = RCUnderlineTextField.m; sourceTree = "<group>"; };
		74BECAF81BBB9155007D8AD4 /* UIColor+RCColor.h */ = {isa = PBXFileReference; fileEncoding = 4; lastKnownFileType = sourcecode.c.h; path = "UIColor+RCColor.h"; sourceTree = "<group>"; };
		74BECAF91BBB9155007D8AD4 /* UIColor+RCColor.m */ = {isa = PBXFileReference; fileEncoding = 4; lastKnownFileType = sourcecode.c.objc; path = "UIColor+RCColor.m"; sourceTree = "<group>"; };
		74D6EC1C1BBBBBBE005D99B9 /* RCDFindPswViewController.h */ = {isa = PBXFileReference; fileEncoding = 4; lastKnownFileType = sourcecode.c.h; path = RCDFindPswViewController.h; sourceTree = "<group>"; };
		74D6EC1D1BBBBBBE005D99B9 /* RCDFindPswViewController.m */ = {isa = PBXFileReference; fileEncoding = 4; lastKnownFileType = sourcecode.c.objc; path = RCDFindPswViewController.m; sourceTree = "<group>"; };
		74D6EC201BBBC334005D99B9 /* RCDRegisterViewController.h */ = {isa = PBXFileReference; fileEncoding = 4; lastKnownFileType = sourcecode.c.h; path = RCDRegisterViewController.h; sourceTree = "<group>"; };
		74D6EC211BBBC334005D99B9 /* RCDRegisterViewController.m */ = {isa = PBXFileReference; fileEncoding = 4; lastKnownFileType = sourcecode.c.objc; path = RCDRegisterViewController.m; sourceTree = "<group>"; };
		74EAB8E11BBBE15A006E4C20 /* AFHTTPRequestOperation.h */ = {isa = PBXFileReference; fileEncoding = 4; lastKnownFileType = sourcecode.c.h; path = AFHTTPRequestOperation.h; sourceTree = "<group>"; };
		74EAB8E21BBBE15A006E4C20 /* AFHTTPRequestOperation.m */ = {isa = PBXFileReference; fileEncoding = 4; lastKnownFileType = sourcecode.c.objc; path = AFHTTPRequestOperation.m; sourceTree = "<group>"; };
		74EAB8E31BBBE15A006E4C20 /* AFHTTPRequestOperationManager.h */ = {isa = PBXFileReference; fileEncoding = 4; lastKnownFileType = sourcecode.c.h; path = AFHTTPRequestOperationManager.h; sourceTree = "<group>"; };
		74EAB8E41BBBE15A006E4C20 /* AFHTTPRequestOperationManager.m */ = {isa = PBXFileReference; fileEncoding = 4; lastKnownFileType = sourcecode.c.objc; path = AFHTTPRequestOperationManager.m; sourceTree = "<group>"; };
		74EAB8E51BBBE15A006E4C20 /* AFHTTPSessionManager.h */ = {isa = PBXFileReference; fileEncoding = 4; lastKnownFileType = sourcecode.c.h; path = AFHTTPSessionManager.h; sourceTree = "<group>"; };
		74EAB8E61BBBE15A006E4C20 /* AFHTTPSessionManager.m */ = {isa = PBXFileReference; fileEncoding = 4; lastKnownFileType = sourcecode.c.objc; path = AFHTTPSessionManager.m; sourceTree = "<group>"; };
		74EAB8E71BBBE15A006E4C20 /* AFNetworking.h */ = {isa = PBXFileReference; fileEncoding = 4; lastKnownFileType = sourcecode.c.h; path = AFNetworking.h; sourceTree = "<group>"; };
		74EAB8E81BBBE15A006E4C20 /* AFNetworkReachabilityManager.h */ = {isa = PBXFileReference; fileEncoding = 4; lastKnownFileType = sourcecode.c.h; path = AFNetworkReachabilityManager.h; sourceTree = "<group>"; };
		74EAB8E91BBBE15A006E4C20 /* AFNetworkReachabilityManager.m */ = {isa = PBXFileReference; fileEncoding = 4; lastKnownFileType = sourcecode.c.objc; path = AFNetworkReachabilityManager.m; sourceTree = "<group>"; };
		74EAB8EA1BBBE15A006E4C20 /* AFSecurityPolicy.h */ = {isa = PBXFileReference; fileEncoding = 4; lastKnownFileType = sourcecode.c.h; path = AFSecurityPolicy.h; sourceTree = "<group>"; };
		74EAB8EB1BBBE15A006E4C20 /* AFSecurityPolicy.m */ = {isa = PBXFileReference; fileEncoding = 4; lastKnownFileType = sourcecode.c.objc; path = AFSecurityPolicy.m; sourceTree = "<group>"; };
		74EAB8EC1BBBE15A006E4C20 /* AFURLConnectionOperation.h */ = {isa = PBXFileReference; fileEncoding = 4; lastKnownFileType = sourcecode.c.h; path = AFURLConnectionOperation.h; sourceTree = "<group>"; };
		74EAB8ED1BBBE15A006E4C20 /* AFURLConnectionOperation.m */ = {isa = PBXFileReference; fileEncoding = 4; lastKnownFileType = sourcecode.c.objc; path = AFURLConnectionOperation.m; sourceTree = "<group>"; };
		74EAB8EE1BBBE15A006E4C20 /* AFURLRequestSerialization.h */ = {isa = PBXFileReference; fileEncoding = 4; lastKnownFileType = sourcecode.c.h; path = AFURLRequestSerialization.h; sourceTree = "<group>"; };
		74EAB8EF1BBBE15A006E4C20 /* AFURLRequestSerialization.m */ = {isa = PBXFileReference; fileEncoding = 4; lastKnownFileType = sourcecode.c.objc; path = AFURLRequestSerialization.m; sourceTree = "<group>"; };
		74EAB8F01BBBE15A006E4C20 /* AFURLResponseSerialization.h */ = {isa = PBXFileReference; fileEncoding = 4; lastKnownFileType = sourcecode.c.h; path = AFURLResponseSerialization.h; sourceTree = "<group>"; };
		74EAB8F11BBBE15A006E4C20 /* AFURLResponseSerialization.m */ = {isa = PBXFileReference; fileEncoding = 4; lastKnownFileType = sourcecode.c.objc; path = AFURLResponseSerialization.m; sourceTree = "<group>"; };
		74EAB8F21BBBE15A006E4C20 /* AFURLSessionManager.h */ = {isa = PBXFileReference; fileEncoding = 4; lastKnownFileType = sourcecode.c.h; path = AFURLSessionManager.h; sourceTree = "<group>"; };
		74EAB8F31BBBE15A006E4C20 /* AFURLSessionManager.m */ = {isa = PBXFileReference; fileEncoding = 4; lastKnownFileType = sourcecode.c.objc; path = AFURLSessionManager.m; sourceTree = "<group>"; };
		74EAB8F51BBBE15A006E4C20 /* AFNetworkActivityIndicatorManager.h */ = {isa = PBXFileReference; fileEncoding = 4; lastKnownFileType = sourcecode.c.h; path = AFNetworkActivityIndicatorManager.h; sourceTree = "<group>"; };
		74EAB8F61BBBE15A006E4C20 /* AFNetworkActivityIndicatorManager.m */ = {isa = PBXFileReference; fileEncoding = 4; lastKnownFileType = sourcecode.c.objc; path = AFNetworkActivityIndicatorManager.m; sourceTree = "<group>"; };
		74EAB8F71BBBE15A006E4C20 /* UIActivityIndicatorView+AFNetworking.h */ = {isa = PBXFileReference; fileEncoding = 4; lastKnownFileType = sourcecode.c.h; path = "UIActivityIndicatorView+AFNetworking.h"; sourceTree = "<group>"; };
		74EAB8F81BBBE15A006E4C20 /* UIActivityIndicatorView+AFNetworking.m */ = {isa = PBXFileReference; fileEncoding = 4; lastKnownFileType = sourcecode.c.objc; path = "UIActivityIndicatorView+AFNetworking.m"; sourceTree = "<group>"; };
		74EAB8F91BBBE15A006E4C20 /* UIAlertView+AFNetworking.h */ = {isa = PBXFileReference; fileEncoding = 4; lastKnownFileType = sourcecode.c.h; path = "UIAlertView+AFNetworking.h"; sourceTree = "<group>"; };
		74EAB8FA1BBBE15A006E4C20 /* UIAlertView+AFNetworking.m */ = {isa = PBXFileReference; fileEncoding = 4; lastKnownFileType = sourcecode.c.objc; path = "UIAlertView+AFNetworking.m"; sourceTree = "<group>"; };
		74EAB8FB1BBBE15A006E4C20 /* UIButton+AFNetworking.h */ = {isa = PBXFileReference; fileEncoding = 4; lastKnownFileType = sourcecode.c.h; path = "UIButton+AFNetworking.h"; sourceTree = "<group>"; };
		74EAB8FC1BBBE15A006E4C20 /* UIButton+AFNetworking.m */ = {isa = PBXFileReference; fileEncoding = 4; lastKnownFileType = sourcecode.c.objc; path = "UIButton+AFNetworking.m"; sourceTree = "<group>"; };
		74EAB8FD1BBBE15A006E4C20 /* UIImageView+AFNetworking.h */ = {isa = PBXFileReference; fileEncoding = 4; lastKnownFileType = sourcecode.c.h; path = "UIImageView+AFNetworking.h"; sourceTree = "<group>"; };
		74EAB8FE1BBBE15A006E4C20 /* UIImageView+AFNetworking.m */ = {isa = PBXFileReference; fileEncoding = 4; lastKnownFileType = sourcecode.c.objc; path = "UIImageView+AFNetworking.m"; sourceTree = "<group>"; };
		74EAB8FF1BBBE15A006E4C20 /* UIKit+AFNetworking.h */ = {isa = PBXFileReference; fileEncoding = 4; lastKnownFileType = sourcecode.c.h; path = "UIKit+AFNetworking.h"; sourceTree = "<group>"; };
		74EAB9001BBBE15A006E4C20 /* UIProgressView+AFNetworking.h */ = {isa = PBXFileReference; fileEncoding = 4; lastKnownFileType = sourcecode.c.h; path = "UIProgressView+AFNetworking.h"; sourceTree = "<group>"; };
		74EAB9011BBBE15A006E4C20 /* UIProgressView+AFNetworking.m */ = {isa = PBXFileReference; fileEncoding = 4; lastKnownFileType = sourcecode.c.objc; path = "UIProgressView+AFNetworking.m"; sourceTree = "<group>"; };
		74EAB9021BBBE15A006E4C20 /* UIRefreshControl+AFNetworking.h */ = {isa = PBXFileReference; fileEncoding = 4; lastKnownFileType = sourcecode.c.h; path = "UIRefreshControl+AFNetworking.h"; sourceTree = "<group>"; };
		74EAB9031BBBE15A006E4C20 /* UIRefreshControl+AFNetworking.m */ = {isa = PBXFileReference; fileEncoding = 4; lastKnownFileType = sourcecode.c.objc; path = "UIRefreshControl+AFNetworking.m"; sourceTree = "<group>"; };
		74EAB9041BBBE15A006E4C20 /* UIWebView+AFNetworking.h */ = {isa = PBXFileReference; fileEncoding = 4; lastKnownFileType = sourcecode.c.h; path = "UIWebView+AFNetworking.h"; sourceTree = "<group>"; };
		74EAB9051BBBE15A006E4C20 /* UIWebView+AFNetworking.m */ = {isa = PBXFileReference; fileEncoding = 4; lastKnownFileType = sourcecode.c.objc; path = "UIWebView+AFNetworking.m"; sourceTree = "<group>"; };
		74EAB9071BBBE15A006E4C20 /* DBHelper.h */ = {isa = PBXFileReference; fileEncoding = 4; lastKnownFileType = sourcecode.c.h; path = DBHelper.h; sourceTree = "<group>"; };
		74EAB9081BBBE15A006E4C20 /* DBHelper.m */ = {isa = PBXFileReference; fileEncoding = 4; lastKnownFileType = sourcecode.c.objc; path = DBHelper.m; sourceTree = "<group>"; };
		74EAB9091BBBE15A006E4C20 /* FMDatabase.h */ = {isa = PBXFileReference; fileEncoding = 4; lastKnownFileType = sourcecode.c.h; path = FMDatabase.h; sourceTree = "<group>"; };
		74EAB90A1BBBE15A006E4C20 /* FMDatabase.m */ = {isa = PBXFileReference; fileEncoding = 4; lastKnownFileType = sourcecode.c.objc; path = FMDatabase.m; sourceTree = "<group>"; };
		74EAB90B1BBBE15A006E4C20 /* FMDatabaseAdditions.h */ = {isa = PBXFileReference; fileEncoding = 4; lastKnownFileType = sourcecode.c.h; path = FMDatabaseAdditions.h; sourceTree = "<group>"; };
		74EAB90C1BBBE15A006E4C20 /* FMDatabaseAdditions.m */ = {isa = PBXFileReference; fileEncoding = 4; lastKnownFileType = sourcecode.c.objc; path = FMDatabaseAdditions.m; sourceTree = "<group>"; };
		74EAB90D1BBBE15A006E4C20 /* FMDatabasePool.h */ = {isa = PBXFileReference; fileEncoding = 4; lastKnownFileType = sourcecode.c.h; path = FMDatabasePool.h; sourceTree = "<group>"; };
		74EAB90E1BBBE15A006E4C20 /* FMDatabasePool.m */ = {isa = PBXFileReference; fileEncoding = 4; lastKnownFileType = sourcecode.c.objc; path = FMDatabasePool.m; sourceTree = "<group>"; };
		74EAB90F1BBBE15A006E4C20 /* FMDatabaseQueue.h */ = {isa = PBXFileReference; fileEncoding = 4; lastKnownFileType = sourcecode.c.h; path = FMDatabaseQueue.h; sourceTree = "<group>"; };
		74EAB9101BBBE15A006E4C20 /* FMDatabaseQueue.m */ = {isa = PBXFileReference; fileEncoding = 4; lastKnownFileType = sourcecode.c.objc; path = FMDatabaseQueue.m; sourceTree = "<group>"; };
		74EAB9111BBBE15A006E4C20 /* FMDB.h */ = {isa = PBXFileReference; fileEncoding = 4; lastKnownFileType = sourcecode.c.h; path = FMDB.h; sourceTree = "<group>"; };
		74EAB9121BBBE15A006E4C20 /* FMResultSet.h */ = {isa = PBXFileReference; fileEncoding = 4; lastKnownFileType = sourcecode.c.h; path = FMResultSet.h; sourceTree = "<group>"; };
		74EAB9131BBBE15A006E4C20 /* FMResultSet.m */ = {isa = PBXFileReference; fileEncoding = 4; lastKnownFileType = sourcecode.c.objc; path = FMResultSet.m; sourceTree = "<group>"; };
		74EAB9161BBBE15A006E4C20 /* JSONModel.h */ = {isa = PBXFileReference; fileEncoding = 4; lastKnownFileType = sourcecode.c.h; path = JSONModel.h; sourceTree = "<group>"; };
		74EAB9171BBBE15A006E4C20 /* JSONModel.m */ = {isa = PBXFileReference; fileEncoding = 4; lastKnownFileType = sourcecode.c.objc; path = JSONModel.m; sourceTree = "<group>"; };
		74EAB9181BBBE15A006E4C20 /* JSONModelArray.h */ = {isa = PBXFileReference; fileEncoding = 4; lastKnownFileType = sourcecode.c.h; path = JSONModelArray.h; sourceTree = "<group>"; };
		74EAB9191BBBE15A006E4C20 /* JSONModelArray.m */ = {isa = PBXFileReference; fileEncoding = 4; lastKnownFileType = sourcecode.c.objc; path = JSONModelArray.m; sourceTree = "<group>"; };
		74EAB91A1BBBE15A006E4C20 /* JSONModelClassProperty.h */ = {isa = PBXFileReference; fileEncoding = 4; lastKnownFileType = sourcecode.c.h; path = JSONModelClassProperty.h; sourceTree = "<group>"; };
		74EAB91B1BBBE15A006E4C20 /* JSONModelClassProperty.m */ = {isa = PBXFileReference; fileEncoding = 4; lastKnownFileType = sourcecode.c.objc; path = JSONModelClassProperty.m; sourceTree = "<group>"; };
		74EAB91C1BBBE15A006E4C20 /* JSONModelError.h */ = {isa = PBXFileReference; fileEncoding = 4; lastKnownFileType = sourcecode.c.h; path = JSONModelError.h; sourceTree = "<group>"; };
		74EAB91D1BBBE15A006E4C20 /* JSONModelError.m */ = {isa = PBXFileReference; fileEncoding = 4; lastKnownFileType = sourcecode.c.objc; path = JSONModelError.m; sourceTree = "<group>"; };
		74EAB91F1BBBE15A006E4C20 /* NSArray+JSONModel.h */ = {isa = PBXFileReference; fileEncoding = 4; lastKnownFileType = sourcecode.c.h; path = "NSArray+JSONModel.h"; sourceTree = "<group>"; };
		74EAB9201BBBE15A006E4C20 /* NSArray+JSONModel.m */ = {isa = PBXFileReference; fileEncoding = 4; lastKnownFileType = sourcecode.c.objc; path = "NSArray+JSONModel.m"; sourceTree = "<group>"; };
		74EAB9211BBBE15A006E4C20 /* JSONModelLib.h */ = {isa = PBXFileReference; fileEncoding = 4; lastKnownFileType = sourcecode.c.h; path = JSONModelLib.h; sourceTree = "<group>"; };
		74EAB9231BBBE15A006E4C20 /* JSONAPI.h */ = {isa = PBXFileReference; fileEncoding = 4; lastKnownFileType = sourcecode.c.h; path = JSONAPI.h; sourceTree = "<group>"; };
		74EAB9241BBBE15A006E4C20 /* JSONAPI.m */ = {isa = PBXFileReference; fileEncoding = 4; lastKnownFileType = sourcecode.c.objc; path = JSONAPI.m; sourceTree = "<group>"; };
		74EAB9251BBBE15A006E4C20 /* JSONHTTPClient.h */ = {isa = PBXFileReference; fileEncoding = 4; lastKnownFileType = sourcecode.c.h; path = JSONHTTPClient.h; sourceTree = "<group>"; };
		74EAB9261BBBE15A006E4C20 /* JSONHTTPClient.m */ = {isa = PBXFileReference; fileEncoding = 4; lastKnownFileType = sourcecode.c.objc; path = JSONHTTPClient.m; sourceTree = "<group>"; };
		74EAB9271BBBE15A006E4C20 /* JSONModel+networking.h */ = {isa = PBXFileReference; fileEncoding = 4; lastKnownFileType = sourcecode.c.h; path = "JSONModel+networking.h"; sourceTree = "<group>"; };
		74EAB9281BBBE15A006E4C20 /* JSONModel+networking.m */ = {isa = PBXFileReference; fileEncoding = 4; lastKnownFileType = sourcecode.c.objc; path = "JSONModel+networking.m"; sourceTree = "<group>"; };
		74EAB92A1BBBE15A006E4C20 /* JSONKeyMapper.h */ = {isa = PBXFileReference; fileEncoding = 4; lastKnownFileType = sourcecode.c.h; path = JSONKeyMapper.h; sourceTree = "<group>"; };
		74EAB92B1BBBE15A006E4C20 /* JSONKeyMapper.m */ = {isa = PBXFileReference; fileEncoding = 4; lastKnownFileType = sourcecode.c.objc; path = JSONKeyMapper.m; sourceTree = "<group>"; };
		74EAB92C1BBBE15A006E4C20 /* JSONValueTransformer.h */ = {isa = PBXFileReference; fileEncoding = 4; lastKnownFileType = sourcecode.c.h; path = JSONValueTransformer.h; sourceTree = "<group>"; };
		74EAB92D1BBBE15A006E4C20 /* JSONValueTransformer.m */ = {isa = PBXFileReference; fileEncoding = 4; lastKnownFileType = sourcecode.c.objc; path = JSONValueTransformer.m; sourceTree = "<group>"; };
		74EAB9321BBBE15A006E4C20 /* MBProgressHUD.h */ = {isa = PBXFileReference; fileEncoding = 4; lastKnownFileType = sourcecode.c.h; path = MBProgressHUD.h; sourceTree = "<group>"; };
		74EAB9331BBBE15A006E4C20 /* MBProgressHUD.m */ = {isa = PBXFileReference; fileEncoding = 4; lastKnownFileType = sourcecode.c.objc; path = MBProgressHUD.m; sourceTree = "<group>"; };
		74EAB9351BBBE15A006E4C20 /* MKAnnotationView+WebCache.h */ = {isa = PBXFileReference; fileEncoding = 4; lastKnownFileType = sourcecode.c.h; path = "MKAnnotationView+WebCache.h"; sourceTree = "<group>"; };
		74EAB9361BBBE15A006E4C20 /* MKAnnotationView+WebCache.m */ = {isa = PBXFileReference; fileEncoding = 4; lastKnownFileType = sourcecode.c.objc; path = "MKAnnotationView+WebCache.m"; sourceTree = "<group>"; };
		74EAB9371BBBE15A006E4C20 /* NSData+ImageContentType.h */ = {isa = PBXFileReference; fileEncoding = 4; lastKnownFileType = sourcecode.c.h; path = "NSData+ImageContentType.h"; sourceTree = "<group>"; };
		74EAB9381BBBE15A006E4C20 /* NSData+ImageContentType.m */ = {isa = PBXFileReference; fileEncoding = 4; lastKnownFileType = sourcecode.c.objc; path = "NSData+ImageContentType.m"; sourceTree = "<group>"; };
		74EAB9391BBBE15A006E4C20 /* SDImageCache.h */ = {isa = PBXFileReference; fileEncoding = 4; lastKnownFileType = sourcecode.c.h; path = SDImageCache.h; sourceTree = "<group>"; };
		74EAB93A1BBBE15A006E4C20 /* SDImageCache.m */ = {isa = PBXFileReference; fileEncoding = 4; lastKnownFileType = sourcecode.c.objc; path = SDImageCache.m; sourceTree = "<group>"; };
		74EAB93B1BBBE15A006E4C20 /* SDWebImageCompat.h */ = {isa = PBXFileReference; fileEncoding = 4; lastKnownFileType = sourcecode.c.h; path = SDWebImageCompat.h; sourceTree = "<group>"; };
		74EAB93C1BBBE15A006E4C20 /* SDWebImageCompat.m */ = {isa = PBXFileReference; fileEncoding = 4; lastKnownFileType = sourcecode.c.objc; path = SDWebImageCompat.m; sourceTree = "<group>"; };
		74EAB93D1BBBE15A006E4C20 /* SDWebImageDecoder.h */ = {isa = PBXFileReference; fileEncoding = 4; lastKnownFileType = sourcecode.c.h; path = SDWebImageDecoder.h; sourceTree = "<group>"; };
		74EAB93E1BBBE15A006E4C20 /* SDWebImageDecoder.m */ = {isa = PBXFileReference; fileEncoding = 4; lastKnownFileType = sourcecode.c.objc; path = SDWebImageDecoder.m; sourceTree = "<group>"; };
		74EAB93F1BBBE15A006E4C20 /* SDWebImageDownloader.h */ = {isa = PBXFileReference; fileEncoding = 4; lastKnownFileType = sourcecode.c.h; path = SDWebImageDownloader.h; sourceTree = "<group>"; };
		74EAB9401BBBE15A006E4C20 /* SDWebImageDownloader.m */ = {isa = PBXFileReference; fileEncoding = 4; lastKnownFileType = sourcecode.c.objc; path = SDWebImageDownloader.m; sourceTree = "<group>"; };
		74EAB9411BBBE15A006E4C20 /* SDWebImageDownloaderOperation.h */ = {isa = PBXFileReference; fileEncoding = 4; lastKnownFileType = sourcecode.c.h; path = SDWebImageDownloaderOperation.h; sourceTree = "<group>"; };
		74EAB9421BBBE15A006E4C20 /* SDWebImageDownloaderOperation.m */ = {isa = PBXFileReference; fileEncoding = 4; lastKnownFileType = sourcecode.c.objc; path = SDWebImageDownloaderOperation.m; sourceTree = "<group>"; };
		74EAB9431BBBE15A006E4C20 /* SDWebImageManager.h */ = {isa = PBXFileReference; fileEncoding = 4; lastKnownFileType = sourcecode.c.h; path = SDWebImageManager.h; sourceTree = "<group>"; };
		74EAB9441BBBE15A006E4C20 /* SDWebImageManager.m */ = {isa = PBXFileReference; fileEncoding = 4; lastKnownFileType = sourcecode.c.objc; path = SDWebImageManager.m; sourceTree = "<group>"; };
		74EAB9451BBBE15A006E4C20 /* SDWebImageOperation.h */ = {isa = PBXFileReference; fileEncoding = 4; lastKnownFileType = sourcecode.c.h; path = SDWebImageOperation.h; sourceTree = "<group>"; };
		74EAB9461BBBE15A006E4C20 /* SDWebImagePrefetcher.h */ = {isa = PBXFileReference; fileEncoding = 4; lastKnownFileType = sourcecode.c.h; path = SDWebImagePrefetcher.h; sourceTree = "<group>"; };
		74EAB9471BBBE15A006E4C20 /* SDWebImagePrefetcher.m */ = {isa = PBXFileReference; fileEncoding = 4; lastKnownFileType = sourcecode.c.objc; path = SDWebImagePrefetcher.m; sourceTree = "<group>"; };
		74EAB9481BBBE15A006E4C20 /* UIButton+WebCache.h */ = {isa = PBXFileReference; fileEncoding = 4; lastKnownFileType = sourcecode.c.h; path = "UIButton+WebCache.h"; sourceTree = "<group>"; };
		74EAB9491BBBE15A006E4C20 /* UIButton+WebCache.m */ = {isa = PBXFileReference; fileEncoding = 4; lastKnownFileType = sourcecode.c.objc; path = "UIButton+WebCache.m"; sourceTree = "<group>"; };
		74EAB94A1BBBE15A006E4C20 /* UIImage+GIF.h */ = {isa = PBXFileReference; fileEncoding = 4; lastKnownFileType = sourcecode.c.h; path = "UIImage+GIF.h"; sourceTree = "<group>"; };
		74EAB94B1BBBE15A006E4C20 /* UIImage+GIF.m */ = {isa = PBXFileReference; fileEncoding = 4; lastKnownFileType = sourcecode.c.objc; path = "UIImage+GIF.m"; sourceTree = "<group>"; };
		74EAB94C1BBBE15A006E4C20 /* UIImage+MultiFormat.h */ = {isa = PBXFileReference; fileEncoding = 4; lastKnownFileType = sourcecode.c.h; path = "UIImage+MultiFormat.h"; sourceTree = "<group>"; };
		74EAB94D1BBBE15A006E4C20 /* UIImage+MultiFormat.m */ = {isa = PBXFileReference; fileEncoding = 4; lastKnownFileType = sourcecode.c.objc; path = "UIImage+MultiFormat.m"; sourceTree = "<group>"; };
		74EAB94E1BBBE15A006E4C20 /* UIImage+WebP.h */ = {isa = PBXFileReference; fileEncoding = 4; lastKnownFileType = sourcecode.c.h; path = "UIImage+WebP.h"; sourceTree = "<group>"; };
		74EAB94F1BBBE15A006E4C20 /* UIImage+WebP.m */ = {isa = PBXFileReference; fileEncoding = 4; lastKnownFileType = sourcecode.c.objc; path = "UIImage+WebP.m"; sourceTree = "<group>"; };
		74EAB9501BBBE15A006E4C20 /* UIImageView+HighlightedWebCache.h */ = {isa = PBXFileReference; fileEncoding = 4; lastKnownFileType = sourcecode.c.h; path = "UIImageView+HighlightedWebCache.h"; sourceTree = "<group>"; };
		74EAB9511BBBE15A006E4C20 /* UIImageView+HighlightedWebCache.m */ = {isa = PBXFileReference; fileEncoding = 4; lastKnownFileType = sourcecode.c.objc; path = "UIImageView+HighlightedWebCache.m"; sourceTree = "<group>"; };
		74EAB9521BBBE15A006E4C20 /* UIImageView+WebCache.h */ = {isa = PBXFileReference; fileEncoding = 4; lastKnownFileType = sourcecode.c.h; path = "UIImageView+WebCache.h"; sourceTree = "<group>"; };
		74EAB9531BBBE15A006E4C20 /* UIImageView+WebCache.m */ = {isa = PBXFileReference; fileEncoding = 4; lastKnownFileType = sourcecode.c.objc; path = "UIImageView+WebCache.m"; sourceTree = "<group>"; };
		74EAB9541BBBE15A006E4C20 /* UIView+WebCacheOperation.h */ = {isa = PBXFileReference; fileEncoding = 4; lastKnownFileType = sourcecode.c.h; path = "UIView+WebCacheOperation.h"; sourceTree = "<group>"; };
		74EAB9551BBBE15A006E4C20 /* UIView+WebCacheOperation.m */ = {isa = PBXFileReference; fileEncoding = 4; lastKnownFileType = sourcecode.c.objc; path = "UIView+WebCacheOperation.m"; sourceTree = "<group>"; };
		74EAB98A1BBBE237006E4C20 /* AppkeyModel.h */ = {isa = PBXFileReference; fileEncoding = 4; lastKnownFileType = sourcecode.c.h; path = AppkeyModel.h; sourceTree = "<group>"; };
		74EAB98B1BBBE237006E4C20 /* AppkeyModel.m */ = {isa = PBXFileReference; fileEncoding = 4; lastKnownFileType = sourcecode.c.objc; path = AppkeyModel.m; sourceTree = "<group>"; };
		74EAB98E1BBBE2FF006E4C20 /* AFHttpTool.h */ = {isa = PBXFileReference; fileEncoding = 4; lastKnownFileType = sourcecode.c.h; path = AFHttpTool.h; sourceTree = "<group>"; };
		74EAB98F1BBBE2FF006E4C20 /* AFHttpTool.m */ = {isa = PBXFileReference; fileEncoding = 4; lastKnownFileType = sourcecode.c.objc; path = AFHttpTool.m; sourceTree = "<group>"; };
		74EAB9921BBBE3A9006E4C20 /* RCDLoginInfo.h */ = {isa = PBXFileReference; fileEncoding = 4; lastKnownFileType = sourcecode.c.h; path = RCDLoginInfo.h; sourceTree = "<group>"; };
		74EAB9931BBBE3A9006E4C20 /* RCDLoginInfo.m */ = {isa = PBXFileReference; fileEncoding = 4; lastKnownFileType = sourcecode.c.objc; path = RCDLoginInfo.m; sourceTree = "<group>"; };
		74EAB9951BBBE412006E4C20 /* UITextField+Shake.h */ = {isa = PBXFileReference; fileEncoding = 4; lastKnownFileType = sourcecode.c.h; path = "UITextField+Shake.h"; sourceTree = "<group>"; };
		74EAB9961BBBE412006E4C20 /* UITextField+Shake.m */ = {isa = PBXFileReference; fileEncoding = 4; lastKnownFileType = sourcecode.c.objc; path = "UITextField+Shake.m"; sourceTree = "<group>"; };
		74EAB9981BBBE47C006E4C20 /* RCDTextFieldValidate.h */ = {isa = PBXFileReference; fileEncoding = 4; lastKnownFileType = sourcecode.c.h; path = RCDTextFieldValidate.h; sourceTree = "<group>"; };
		74EAB9991BBBE47C006E4C20 /* RCDTextFieldValidate.m */ = {isa = PBXFileReference; fileEncoding = 4; lastKnownFileType = sourcecode.c.objc; path = RCDTextFieldValidate.m; sourceTree = "<group>"; };
		74EAB99B1BBBE568006E4C20 /* RCDHttpTool.h */ = {isa = PBXFileReference; fileEncoding = 4; lastKnownFileType = sourcecode.c.h; path = RCDHttpTool.h; sourceTree = "<group>"; };
		74EAB99C1BBBE568006E4C20 /* RCDHttpTool.m */ = {isa = PBXFileReference; fileEncoding = 4; lastKnownFileType = sourcecode.c.objc; path = RCDHttpTool.m; sourceTree = "<group>"; };
		74EAB99E1BBBE5A3006E4C20 /* RCDUserInfo.h */ = {isa = PBXFileReference; fileEncoding = 4; lastKnownFileType = sourcecode.c.h; path = RCDUserInfo.h; sourceTree = "<group>"; };
		74EAB99F1BBBE5A3006E4C20 /* RCDUserInfo.m */ = {isa = PBXFileReference; fileEncoding = 4; lastKnownFileType = sourcecode.c.objc; path = RCDUserInfo.m; sourceTree = "<group>"; };
		74EAB9A11BBBE71A006E4C20 /* RCDGroupInfo.h */ = {isa = PBXFileReference; fileEncoding = 4; lastKnownFileType = sourcecode.c.h; path = RCDGroupInfo.h; sourceTree = "<group>"; };
		74EAB9A21BBBE71A006E4C20 /* RCDGroupInfo.m */ = {isa = PBXFileReference; fileEncoding = 4; lastKnownFileType = sourcecode.c.objc; path = RCDGroupInfo.m; sourceTree = "<group>"; };
		74EAB9A41BBBE722006E4C20 /* RCDataBaseManager.h */ = {isa = PBXFileReference; fileEncoding = 4; lastKnownFileType = sourcecode.c.h; path = RCDataBaseManager.h; sourceTree = "<group>"; };
		74EAB9A51BBBE722006E4C20 /* RCDataBaseManager.m */ = {isa = PBXFileReference; fileEncoding = 4; lastKnownFileType = sourcecode.c.objc; path = RCDataBaseManager.m; sourceTree = "<group>"; };
		74EAB9A81BBBE7A7006E4C20 /* RCDRCIMDataSource.h */ = {isa = PBXFileReference; fileEncoding = 4; lastKnownFileType = sourcecode.c.h; path = RCDRCIMDataSource.h; sourceTree = "<group>"; };
		74EAB9A91BBBE7A7006E4C20 /* RCDRCIMDataSource.m */ = {isa = PBXFileReference; fileEncoding = 4; lastKnownFileType = sourcecode.c.objc; path = RCDRCIMDataSource.m; sourceTree = "<group>"; };
		FC9336C1CD6857B99EEF9CE0 /* Pods.release.xcconfig */ = {isa = PBXFileReference; includeInIndex = 1; lastKnownFileType = text.xcconfig; name = Pods.release.xcconfig; path = "Pods/Target Support Files/Pods/Pods.release.xcconfig"; sourceTree = "<group>"; };
/* End PBXFileReference section */

/* Begin PBXFrameworksBuildPhase section */
		74BECAAF1BBB81C7007D8AD4 /* Frameworks */ = {
			isa = PBXFrameworksBuildPhase;
			buildActionMask = 2147483647;
			files = (
				D5BC6DA93ED722CB634847E0 /* libPods.a in Frameworks */,
			);
			runOnlyForDeploymentPostprocessing = 0;
		};
		74BECAC81BBB81C7007D8AD4 /* Frameworks */ = {
			isa = PBXFrameworksBuildPhase;
			buildActionMask = 2147483647;
			files = (
			);
			runOnlyForDeploymentPostprocessing = 0;
		};
		74BECAD31BBB81C7007D8AD4 /* Frameworks */ = {
			isa = PBXFrameworksBuildPhase;
			buildActionMask = 2147483647;
			files = (
			);
			runOnlyForDeploymentPostprocessing = 0;
		};
/* End PBXFrameworksBuildPhase section */

/* Begin PBXGroup section */
		74BECAA91BBB81C7007D8AD4 = {
			isa = PBXGroup;
			children = (
				74BECAB41BBB81C7007D8AD4 /* DemoApp */,
				74BECACE1BBB81C7007D8AD4 /* DemoAppTests */,
				74BECAD91BBB81C7007D8AD4 /* DemoAppUITests */,
				74BECAB31BBB81C7007D8AD4 /* Products */,
				E36044DF958A3ED6C63E8AA3 /* Pods */,
				C6BF0EA8964FC8398A18B445 /* Frameworks */,
			);
			sourceTree = "<group>";
		};
		74BECAB31BBB81C7007D8AD4 /* Products */ = {
			isa = PBXGroup;
			children = (
				74BECAB21BBB81C7007D8AD4 /* DemoApp.app */,
				74BECACB1BBB81C7007D8AD4 /* DemoAppTests.xctest */,
				74BECAD61BBB81C7007D8AD4 /* DemoAppUITests.xctest */,
			);
			name = Products;
			sourceTree = "<group>";
		};
		74BECAB41BBB81C7007D8AD4 /* DemoApp */ = {
			isa = PBXGroup;
			children = (
				74EAB9911BBBE39E006E4C20 /* Model */,
				74EAB98D1BBBE2EF006E4C20 /* Store */,
				74BECAEA1BBB8615007D8AD4 /* ViewControllers */,
				74BECAE81BBB853B007D8AD4 /* Utilities */,
				74BECAB81BBB81C7007D8AD4 /* AppDelegate.h */,
				74BECAB91BBB81C7007D8AD4 /* AppDelegate.m */,
				74BECABB1BBB81C7007D8AD4 /* ViewController.h */,
				74BECABC1BBB81C7007D8AD4 /* ViewController.m */,
				74BECABE1BBB81C7007D8AD4 /* Main.storyboard */,
				74BECAC11BBB81C7007D8AD4 /* Assets.xcassets */,
				74BECAC31BBB81C7007D8AD4 /* LaunchScreen.storyboard */,
				74BECAC61BBB81C7007D8AD4 /* Info.plist */,
				74BECAB51BBB81C7007D8AD4 /* Supporting Files */,
			);
			path = DemoApp;
			sourceTree = "<group>";
		};
		74BECAB51BBB81C7007D8AD4 /* Supporting Files */ = {
			isa = PBXGroup;
			children = (
				74BECAB61BBB81C7007D8AD4 /* main.m */,
			);
			name = "Supporting Files";
			sourceTree = "<group>";
		};
		74BECACE1BBB81C7007D8AD4 /* DemoAppTests */ = {
			isa = PBXGroup;
			children = (
				74BECACF1BBB81C7007D8AD4 /* DemoAppTests.m */,
				74BECAD11BBB81C7007D8AD4 /* Info.plist */,
			);
			path = DemoAppTests;
			sourceTree = "<group>";
		};
		74BECAD91BBB81C7007D8AD4 /* DemoAppUITests */ = {
			isa = PBXGroup;
			children = (
				74BECADA1BBB81C7007D8AD4 /* DemoAppUITests.m */,
				74BECADC1BBB81C7007D8AD4 /* Info.plist */,
			);
			path = DemoAppUITests;
			sourceTree = "<group>";
		};
		74BECAE81BBB853B007D8AD4 /* Utilities */ = {
			isa = PBXGroup;
			children = (
				74EAB8E01BBBE15A006E4C20 /* AFNetworking */,
				74EAB9061BBBE15A006E4C20 /* DB */,
				74EAB9141BBBE15A006E4C20 /* JSONModel */,
				74EAB9311BBBE15A006E4C20 /* MBProgressHUD */,
				74EAB9341BBBE15A006E4C20 /* SDWebImage */,
				74BECAE91BBB8551007D8AD4 /* RCDCommonDefine.h */,
				74BECAEF1BBB8687007D8AD4 /* RCAnimatedImagesView.h */,
				74BECAF01BBB8687007D8AD4 /* RCAnimatedImagesView.m */,
				74BECAF21BBB8A30007D8AD4 /* RCUnderlineTextField.h */,
				74BECAF31BBB8A30007D8AD4 /* RCUnderlineTextField.m */,
				74BECAF81BBB9155007D8AD4 /* UIColor+RCColor.h */,
				74BECAF91BBB9155007D8AD4 /* UIColor+RCColor.m */,
				74EAB9951BBBE412006E4C20 /* UITextField+Shake.h */,
				74EAB9961BBBE412006E4C20 /* UITextField+Shake.m */,
				74EAB9981BBBE47C006E4C20 /* RCDTextFieldValidate.h */,
				74EAB9991BBBE47C006E4C20 /* RCDTextFieldValidate.m */,
			);
			name = Utilities;
			path = ../../Utilities;
			sourceTree = "<group>";
		};
		74BECAEA1BBB8615007D8AD4 /* ViewControllers */ = {
			isa = PBXGroup;
			children = (
				74EAB9A71BBBE79D006E4C20 /* RealTimeLocation */,
				74D6EC1F1BBBC31E005D99B9 /* Register */,
				74D6EC1B1BBBBBAE005D99B9 /* FindPassword */,
				74BECAEB1BBB8621007D8AD4 /* Login */,
			);
			path = ViewControllers;
			sourceTree = "<group>";
		};
		74BECAEB1BBB8621007D8AD4 /* Login */ = {
			isa = PBXGroup;
			children = (
				74EAB9891BBBE225006E4C20 /* Model */,
				74BECAEC1BBB8632007D8AD4 /* RCDLoginViewController.h */,
				74BECAED1BBB8632007D8AD4 /* RCDLoginViewController.m */,
			);
			path = Login;
			sourceTree = "<group>";
		};
		74D6EC1B1BBBBBAE005D99B9 /* FindPassword */ = {
			isa = PBXGroup;
			children = (
				74D6EC1C1BBBBBBE005D99B9 /* RCDFindPswViewController.h */,
				74D6EC1D1BBBBBBE005D99B9 /* RCDFindPswViewController.m */,
			);
			path = FindPassword;
			sourceTree = "<group>";
		};
		74D6EC1F1BBBC31E005D99B9 /* Register */ = {
			isa = PBXGroup;
			children = (
				74D6EC201BBBC334005D99B9 /* RCDRegisterViewController.h */,
				74D6EC211BBBC334005D99B9 /* RCDRegisterViewController.m */,
			);
			path = Register;
			sourceTree = "<group>";
		};
		74EAB8E01BBBE15A006E4C20 /* AFNetworking */ = {
			isa = PBXGroup;
			children = (
				74EAB8E11BBBE15A006E4C20 /* AFHTTPRequestOperation.h */,
				74EAB8E21BBBE15A006E4C20 /* AFHTTPRequestOperation.m */,
				74EAB8E31BBBE15A006E4C20 /* AFHTTPRequestOperationManager.h */,
				74EAB8E41BBBE15A006E4C20 /* AFHTTPRequestOperationManager.m */,
				74EAB8E51BBBE15A006E4C20 /* AFHTTPSessionManager.h */,
				74EAB8E61BBBE15A006E4C20 /* AFHTTPSessionManager.m */,
				74EAB8E71BBBE15A006E4C20 /* AFNetworking.h */,
				74EAB8E81BBBE15A006E4C20 /* AFNetworkReachabilityManager.h */,
				74EAB8E91BBBE15A006E4C20 /* AFNetworkReachabilityManager.m */,
				74EAB8EA1BBBE15A006E4C20 /* AFSecurityPolicy.h */,
				74EAB8EB1BBBE15A006E4C20 /* AFSecurityPolicy.m */,
				74EAB8EC1BBBE15A006E4C20 /* AFURLConnectionOperation.h */,
				74EAB8ED1BBBE15A006E4C20 /* AFURLConnectionOperation.m */,
				74EAB8EE1BBBE15A006E4C20 /* AFURLRequestSerialization.h */,
				74EAB8EF1BBBE15A006E4C20 /* AFURLRequestSerialization.m */,
				74EAB8F01BBBE15A006E4C20 /* AFURLResponseSerialization.h */,
				74EAB8F11BBBE15A006E4C20 /* AFURLResponseSerialization.m */,
				74EAB8F21BBBE15A006E4C20 /* AFURLSessionManager.h */,
				74EAB8F31BBBE15A006E4C20 /* AFURLSessionManager.m */,
				74EAB8F41BBBE15A006E4C20 /* UIKit+AFNetworking */,
			);
			path = AFNetworking;
			sourceTree = "<group>";
		};
		74EAB8F41BBBE15A006E4C20 /* UIKit+AFNetworking */ = {
			isa = PBXGroup;
			children = (
				74EAB8F51BBBE15A006E4C20 /* AFNetworkActivityIndicatorManager.h */,
				74EAB8F61BBBE15A006E4C20 /* AFNetworkActivityIndicatorManager.m */,
				74EAB8F71BBBE15A006E4C20 /* UIActivityIndicatorView+AFNetworking.h */,
				74EAB8F81BBBE15A006E4C20 /* UIActivityIndicatorView+AFNetworking.m */,
				74EAB8F91BBBE15A006E4C20 /* UIAlertView+AFNetworking.h */,
				74EAB8FA1BBBE15A006E4C20 /* UIAlertView+AFNetworking.m */,
				74EAB8FB1BBBE15A006E4C20 /* UIButton+AFNetworking.h */,
				74EAB8FC1BBBE15A006E4C20 /* UIButton+AFNetworking.m */,
				74EAB8FD1BBBE15A006E4C20 /* UIImageView+AFNetworking.h */,
				74EAB8FE1BBBE15A006E4C20 /* UIImageView+AFNetworking.m */,
				74EAB8FF1BBBE15A006E4C20 /* UIKit+AFNetworking.h */,
				74EAB9001BBBE15A006E4C20 /* UIProgressView+AFNetworking.h */,
				74EAB9011BBBE15A006E4C20 /* UIProgressView+AFNetworking.m */,
				74EAB9021BBBE15A006E4C20 /* UIRefreshControl+AFNetworking.h */,
				74EAB9031BBBE15A006E4C20 /* UIRefreshControl+AFNetworking.m */,
				74EAB9041BBBE15A006E4C20 /* UIWebView+AFNetworking.h */,
				74EAB9051BBBE15A006E4C20 /* UIWebView+AFNetworking.m */,
			);
			path = "UIKit+AFNetworking";
			sourceTree = "<group>";
		};
		74EAB9061BBBE15A006E4C20 /* DB */ = {
			isa = PBXGroup;
			children = (
				74EAB9071BBBE15A006E4C20 /* DBHelper.h */,
				74EAB9081BBBE15A006E4C20 /* DBHelper.m */,
				74EAB9091BBBE15A006E4C20 /* FMDatabase.h */,
				74EAB90A1BBBE15A006E4C20 /* FMDatabase.m */,
				74EAB90B1BBBE15A006E4C20 /* FMDatabaseAdditions.h */,
				74EAB90C1BBBE15A006E4C20 /* FMDatabaseAdditions.m */,
				74EAB90D1BBBE15A006E4C20 /* FMDatabasePool.h */,
				74EAB90E1BBBE15A006E4C20 /* FMDatabasePool.m */,
				74EAB90F1BBBE15A006E4C20 /* FMDatabaseQueue.h */,
				74EAB9101BBBE15A006E4C20 /* FMDatabaseQueue.m */,
				74EAB9111BBBE15A006E4C20 /* FMDB.h */,
				74EAB9121BBBE15A006E4C20 /* FMResultSet.h */,
				74EAB9131BBBE15A006E4C20 /* FMResultSet.m */,
			);
			path = DB;
			sourceTree = "<group>";
		};
		74EAB9141BBBE15A006E4C20 /* JSONModel */ = {
			isa = PBXGroup;
			children = (
				74EAB9151BBBE15A006E4C20 /* JSONModel */,
				74EAB91E1BBBE15A006E4C20 /* JSONModelCategories */,
				74EAB9211BBBE15A006E4C20 /* JSONModelLib.h */,
				74EAB9221BBBE15A006E4C20 /* JSONModelNetworking */,
				74EAB9291BBBE15A006E4C20 /* JSONModelTransformations */,
			);
			path = JSONModel;
			sourceTree = "<group>";
		};
		74EAB9151BBBE15A006E4C20 /* JSONModel */ = {
			isa = PBXGroup;
			children = (
				74EAB9161BBBE15A006E4C20 /* JSONModel.h */,
				74EAB9171BBBE15A006E4C20 /* JSONModel.m */,
				74EAB9181BBBE15A006E4C20 /* JSONModelArray.h */,
				74EAB9191BBBE15A006E4C20 /* JSONModelArray.m */,
				74EAB91A1BBBE15A006E4C20 /* JSONModelClassProperty.h */,
				74EAB91B1BBBE15A006E4C20 /* JSONModelClassProperty.m */,
				74EAB91C1BBBE15A006E4C20 /* JSONModelError.h */,
				74EAB91D1BBBE15A006E4C20 /* JSONModelError.m */,
			);
			path = JSONModel;
			sourceTree = "<group>";
		};
		74EAB91E1BBBE15A006E4C20 /* JSONModelCategories */ = {
			isa = PBXGroup;
			children = (
				74EAB91F1BBBE15A006E4C20 /* NSArray+JSONModel.h */,
				74EAB9201BBBE15A006E4C20 /* NSArray+JSONModel.m */,
			);
			path = JSONModelCategories;
			sourceTree = "<group>";
		};
		74EAB9221BBBE15A006E4C20 /* JSONModelNetworking */ = {
			isa = PBXGroup;
			children = (
				74EAB9231BBBE15A006E4C20 /* JSONAPI.h */,
				74EAB9241BBBE15A006E4C20 /* JSONAPI.m */,
				74EAB9251BBBE15A006E4C20 /* JSONHTTPClient.h */,
				74EAB9261BBBE15A006E4C20 /* JSONHTTPClient.m */,
				74EAB9271BBBE15A006E4C20 /* JSONModel+networking.h */,
				74EAB9281BBBE15A006E4C20 /* JSONModel+networking.m */,
			);
			path = JSONModelNetworking;
			sourceTree = "<group>";
		};
		74EAB9291BBBE15A006E4C20 /* JSONModelTransformations */ = {
			isa = PBXGroup;
			children = (
				74EAB92A1BBBE15A006E4C20 /* JSONKeyMapper.h */,
				74EAB92B1BBBE15A006E4C20 /* JSONKeyMapper.m */,
				74EAB92C1BBBE15A006E4C20 /* JSONValueTransformer.h */,
				74EAB92D1BBBE15A006E4C20 /* JSONValueTransformer.m */,
			);
			path = JSONModelTransformations;
			sourceTree = "<group>";
		};
		74EAB9311BBBE15A006E4C20 /* MBProgressHUD */ = {
			isa = PBXGroup;
			children = (
				74EAB9321BBBE15A006E4C20 /* MBProgressHUD.h */,
				74EAB9331BBBE15A006E4C20 /* MBProgressHUD.m */,
			);
			path = MBProgressHUD;
			sourceTree = "<group>";
		};
		74EAB9341BBBE15A006E4C20 /* SDWebImage */ = {
			isa = PBXGroup;
			children = (
				74EAB9351BBBE15A006E4C20 /* MKAnnotationView+WebCache.h */,
				74EAB9361BBBE15A006E4C20 /* MKAnnotationView+WebCache.m */,
				74EAB9371BBBE15A006E4C20 /* NSData+ImageContentType.h */,
				74EAB9381BBBE15A006E4C20 /* NSData+ImageContentType.m */,
				74EAB9391BBBE15A006E4C20 /* SDImageCache.h */,
				74EAB93A1BBBE15A006E4C20 /* SDImageCache.m */,
				74EAB93B1BBBE15A006E4C20 /* SDWebImageCompat.h */,
				74EAB93C1BBBE15A006E4C20 /* SDWebImageCompat.m */,
				74EAB93D1BBBE15A006E4C20 /* SDWebImageDecoder.h */,
				74EAB93E1BBBE15A006E4C20 /* SDWebImageDecoder.m */,
				74EAB93F1BBBE15A006E4C20 /* SDWebImageDownloader.h */,
				74EAB9401BBBE15A006E4C20 /* SDWebImageDownloader.m */,
				74EAB9411BBBE15A006E4C20 /* SDWebImageDownloaderOperation.h */,
				74EAB9421BBBE15A006E4C20 /* SDWebImageDownloaderOperation.m */,
				74EAB9431BBBE15A006E4C20 /* SDWebImageManager.h */,
				74EAB9441BBBE15A006E4C20 /* SDWebImageManager.m */,
				74EAB9451BBBE15A006E4C20 /* SDWebImageOperation.h */,
				74EAB9461BBBE15A006E4C20 /* SDWebImagePrefetcher.h */,
				74EAB9471BBBE15A006E4C20 /* SDWebImagePrefetcher.m */,
				74EAB9481BBBE15A006E4C20 /* UIButton+WebCache.h */,
				74EAB9491BBBE15A006E4C20 /* UIButton+WebCache.m */,
				74EAB94A1BBBE15A006E4C20 /* UIImage+GIF.h */,
				74EAB94B1BBBE15A006E4C20 /* UIImage+GIF.m */,
				74EAB94C1BBBE15A006E4C20 /* UIImage+MultiFormat.h */,
				74EAB94D1BBBE15A006E4C20 /* UIImage+MultiFormat.m */,
				74EAB94E1BBBE15A006E4C20 /* UIImage+WebP.h */,
				74EAB94F1BBBE15A006E4C20 /* UIImage+WebP.m */,
				74EAB9501BBBE15A006E4C20 /* UIImageView+HighlightedWebCache.h */,
				74EAB9511BBBE15A006E4C20 /* UIImageView+HighlightedWebCache.m */,
				74EAB9521BBBE15A006E4C20 /* UIImageView+WebCache.h */,
				74EAB9531BBBE15A006E4C20 /* UIImageView+WebCache.m */,
				74EAB9541BBBE15A006E4C20 /* UIView+WebCacheOperation.h */,
				74EAB9551BBBE15A006E4C20 /* UIView+WebCacheOperation.m */,
			);
			path = SDWebImage;
			sourceTree = "<group>";
		};
		74EAB9891BBBE225006E4C20 /* Model */ = {
			isa = PBXGroup;
			children = (
				74EAB98A1BBBE237006E4C20 /* AppkeyModel.h */,
				74EAB98B1BBBE237006E4C20 /* AppkeyModel.m */,
			);
			path = Model;
			sourceTree = "<group>";
		};
		74EAB98D1BBBE2EF006E4C20 /* Store */ = {
			isa = PBXGroup;
			children = (
				74EAB9A41BBBE722006E4C20 /* RCDataBaseManager.h */,
				74EAB9A51BBBE722006E4C20 /* RCDataBaseManager.m */,
				74EAB98E1BBBE2FF006E4C20 /* AFHttpTool.h */,
				74EAB98F1BBBE2FF006E4C20 /* AFHttpTool.m */,
				74EAB99B1BBBE568006E4C20 /* RCDHttpTool.h */,
				74EAB99C1BBBE568006E4C20 /* RCDHttpTool.m */,
			);
			name = Store;
			path = ViewControllers/Store;
			sourceTree = "<group>";
		};
		74EAB9911BBBE39E006E4C20 /* Model */ = {
			isa = PBXGroup;
			children = (
				74EAB9A11BBBE71A006E4C20 /* RCDGroupInfo.h */,
				74EAB9A21BBBE71A006E4C20 /* RCDGroupInfo.m */,
				74EAB9921BBBE3A9006E4C20 /* RCDLoginInfo.h */,
				74EAB9931BBBE3A9006E4C20 /* RCDLoginInfo.m */,
				74EAB99E1BBBE5A3006E4C20 /* RCDUserInfo.h */,
				74EAB99F1BBBE5A3006E4C20 /* RCDUserInfo.m */,
			);
			path = Model;
			sourceTree = "<group>";
		};
		74EAB9A71BBBE79D006E4C20 /* RealTimeLocation */ = {
			isa = PBXGroup;
			children = (
				74EAB9A81BBBE7A7006E4C20 /* RCDRCIMDataSource.h */,
				74EAB9A91BBBE7A7006E4C20 /* RCDRCIMDataSource.m */,
			);
			path = RealTimeLocation;
			sourceTree = "<group>";
		};
		C6BF0EA8964FC8398A18B445 /* Frameworks */ = {
			isa = PBXGroup;
			children = (
				4F8303D274DC02A4E90E1854 /* libPods.a */,
			);
			name = Frameworks;
			sourceTree = "<group>";
		};
		E36044DF958A3ED6C63E8AA3 /* Pods */ = {
			isa = PBXGroup;
			children = (
				378F1E1BCFAC069F9DF5F5B9 /* Pods.debug.xcconfig */,
				FC9336C1CD6857B99EEF9CE0 /* Pods.release.xcconfig */,
			);
			name = Pods;
			sourceTree = "<group>";
		};
/* End PBXGroup section */

/* Begin PBXNativeTarget section */
		74BECAB11BBB81C7007D8AD4 /* DemoApp */ = {
			isa = PBXNativeTarget;
			buildConfigurationList = 74BECADF1BBB81C7007D8AD4 /* Build configuration list for PBXNativeTarget "DemoApp" */;
			buildPhases = (
				44D5032427396E211C84ACDA /* Check Pods Manifest.lock */,
				74BECAAE1BBB81C7007D8AD4 /* Sources */,
				74BECAAF1BBB81C7007D8AD4 /* Frameworks */,
				74BECAB01BBB81C7007D8AD4 /* Resources */,
				6685C0B8FDC44645ADB619A6 /* Copy Pods Resources */,
			);
			buildRules = (
			);
			dependencies = (
			);
			name = DemoApp;
			productName = DemoApp;
			productReference = 74BECAB21BBB81C7007D8AD4 /* DemoApp.app */;
			productType = "com.apple.product-type.application";
		};
		74BECACA1BBB81C7007D8AD4 /* DemoAppTests */ = {
			isa = PBXNativeTarget;
			buildConfigurationList = 74BECAE21BBB81C7007D8AD4 /* Build configuration list for PBXNativeTarget "DemoAppTests" */;
			buildPhases = (
				74BECAC71BBB81C7007D8AD4 /* Sources */,
				74BECAC81BBB81C7007D8AD4 /* Frameworks */,
				74BECAC91BBB81C7007D8AD4 /* Resources */,
			);
			buildRules = (
			);
			dependencies = (
				74BECACD1BBB81C7007D8AD4 /* PBXTargetDependency */,
			);
			name = DemoAppTests;
			productName = DemoAppTests;
			productReference = 74BECACB1BBB81C7007D8AD4 /* DemoAppTests.xctest */;
			productType = "com.apple.product-type.bundle.unit-test";
		};
		74BECAD51BBB81C7007D8AD4 /* DemoAppUITests */ = {
			isa = PBXNativeTarget;
			buildConfigurationList = 74BECAE51BBB81C7007D8AD4 /* Build configuration list for PBXNativeTarget "DemoAppUITests" */;
			buildPhases = (
				74BECAD21BBB81C7007D8AD4 /* Sources */,
				74BECAD31BBB81C7007D8AD4 /* Frameworks */,
				74BECAD41BBB81C7007D8AD4 /* Resources */,
			);
			buildRules = (
			);
			dependencies = (
				74BECAD81BBB81C7007D8AD4 /* PBXTargetDependency */,
			);
			name = DemoAppUITests;
			productName = DemoAppUITests;
			productReference = 74BECAD61BBB81C7007D8AD4 /* DemoAppUITests.xctest */;
			productType = "com.apple.product-type.bundle.ui-testing";
		};
/* End PBXNativeTarget section */

/* Begin PBXProject section */
		74BECAAA1BBB81C7007D8AD4 /* Project object */ = {
			isa = PBXProject;
			attributes = {
				LastUpgradeCheck = 0700;
				ORGANIZATIONNAME = "许卓权";
				TargetAttributes = {
					74BECAB11BBB81C7007D8AD4 = {
						CreatedOnToolsVersion = 7.0;
					};
					74BECACA1BBB81C7007D8AD4 = {
						CreatedOnToolsVersion = 7.0;
						TestTargetID = 74BECAB11BBB81C7007D8AD4;
					};
					74BECAD51BBB81C7007D8AD4 = {
						CreatedOnToolsVersion = 7.0;
						TestTargetID = 74BECAB11BBB81C7007D8AD4;
					};
				};
			};
			buildConfigurationList = 74BECAAD1BBB81C7007D8AD4 /* Build configuration list for PBXProject "DemoApp" */;
			compatibilityVersion = "Xcode 3.2";
			developmentRegion = English;
			hasScannedForEncodings = 0;
			knownRegions = (
				en,
				Base,
			);
			mainGroup = 74BECAA91BBB81C7007D8AD4;
			productRefGroup = 74BECAB31BBB81C7007D8AD4 /* Products */;
			projectDirPath = "";
			projectRoot = "";
			targets = (
				74BECAB11BBB81C7007D8AD4 /* DemoApp */,
				74BECACA1BBB81C7007D8AD4 /* DemoAppTests */,
				74BECAD51BBB81C7007D8AD4 /* DemoAppUITests */,
			);
		};
/* End PBXProject section */

/* Begin PBXResourcesBuildPhase section */
		74BECAB01BBB81C7007D8AD4 /* Resources */ = {
			isa = PBXResourcesBuildPhase;
			buildActionMask = 2147483647;
			files = (
				74BECAC51BBB81C7007D8AD4 /* LaunchScreen.storyboard in Resources */,
				74BECAC21BBB81C7007D8AD4 /* Assets.xcassets in Resources */,
				74BECAC01BBB81C7007D8AD4 /* Main.storyboard in Resources */,
			);
			runOnlyForDeploymentPostprocessing = 0;
		};
		74BECAC91BBB81C7007D8AD4 /* Resources */ = {
			isa = PBXResourcesBuildPhase;
			buildActionMask = 2147483647;
			files = (
			);
			runOnlyForDeploymentPostprocessing = 0;
		};
		74BECAD41BBB81C7007D8AD4 /* Resources */ = {
			isa = PBXResourcesBuildPhase;
			buildActionMask = 2147483647;
			files = (
			);
			runOnlyForDeploymentPostprocessing = 0;
		};
/* End PBXResourcesBuildPhase section */

/* Begin PBXShellScriptBuildPhase section */
		44D5032427396E211C84ACDA /* Check Pods Manifest.lock */ = {
			isa = PBXShellScriptBuildPhase;
			buildActionMask = 2147483647;
			files = (
			);
			inputPaths = (
			);
			name = "Check Pods Manifest.lock";
			outputPaths = (
			);
			runOnlyForDeploymentPostprocessing = 0;
			shellPath = /bin/sh;
			shellScript = "diff \"${PODS_ROOT}/../Podfile.lock\" \"${PODS_ROOT}/Manifest.lock\" > /dev/null\nif [[ $? != 0 ]] ; then\n    cat << EOM\nerror: The sandbox is not in sync with the Podfile.lock. Run 'pod install' or update your CocoaPods installation.\nEOM\n    exit 1\nfi\n";
			showEnvVarsInLog = 0;
		};
		6685C0B8FDC44645ADB619A6 /* Copy Pods Resources */ = {
			isa = PBXShellScriptBuildPhase;
			buildActionMask = 2147483647;
			files = (
			);
			inputPaths = (
			);
			name = "Copy Pods Resources";
			outputPaths = (
			);
			runOnlyForDeploymentPostprocessing = 0;
			shellPath = /bin/sh;
			shellScript = "\"${SRCROOT}/Pods/Target Support Files/Pods/Pods-resources.sh\"\n";
			showEnvVarsInLog = 0;
		};
/* End PBXShellScriptBuildPhase section */

/* Begin PBXSourcesBuildPhase section */
		74BECAAE1BBB81C7007D8AD4 /* Sources */ = {
			isa = PBXSourcesBuildPhase;
			buildActionMask = 2147483647;
			files = (
				74EAB95A1BBBE15A006E4C20 /* AFSecurityPolicy.m in Sources */,
				74D6EC1E1BBBBBBE005D99B9 /* RCDFindPswViewController.m in Sources */,
				74EAB9AA1BBBE7A7006E4C20 /* RCDRCIMDataSource.m in Sources */,
				74EAB9591BBBE15A006E4C20 /* AFNetworkReachabilityManager.m in Sources */,
				74EAB9941BBBE3A9006E4C20 /* RCDLoginInfo.m in Sources */,
				74EAB9681BBBE15A006E4C20 /* FMDatabase.m in Sources */,
				74BECAFA1BBB9155007D8AD4 /* UIColor+RCColor.m in Sources */,
				74EAB9801BBBE15A006E4C20 /* SDWebImageManager.m in Sources */,
				74EAB95F1BBBE15A006E4C20 /* AFNetworkActivityIndicatorManager.m in Sources */,
				74EAB9A01BBBE5A3006E4C20 /* RCDUserInfo.m in Sources */,
				74EAB96C1BBBE15A006E4C20 /* FMResultSet.m in Sources */,
				74EAB97D1BBBE15A006E4C20 /* SDWebImageDecoder.m in Sources */,
				74EAB9901BBBE2FF006E4C20 /* AFHttpTool.m in Sources */,
				74EAB9971BBBE412006E4C20 /* UITextField+Shake.m in Sources */,
				74EAB9741BBBE15A006E4C20 /* JSONModel+networking.m in Sources */,
				74EAB9851BBBE15A006E4C20 /* UIImage+WebP.m in Sources */,
				74EAB9791BBBE15A006E4C20 /* MKAnnotationView+WebCache.m in Sources */,
				74EAB96F1BBBE15A006E4C20 /* JSONModelClassProperty.m in Sources */,
				74EAB96E1BBBE15A006E4C20 /* JSONModelArray.m in Sources */,
				74EAB9631BBBE15A006E4C20 /* UIImageView+AFNetworking.m in Sources */,
				74EAB9761BBBE15A006E4C20 /* JSONValueTransformer.m in Sources */,
				74EAB97E1BBBE15A006E4C20 /* SDWebImageDownloader.m in Sources */,
				74EAB96A1BBBE15A006E4C20 /* FMDatabasePool.m in Sources */,
				74EAB95B1BBBE15A006E4C20 /* AFURLConnectionOperation.m in Sources */,
				74EAB9701BBBE15A006E4C20 /* JSONModelError.m in Sources */,
				74EAB9861BBBE15A006E4C20 /* UIImageView+HighlightedWebCache.m in Sources */,
				74EAB97A1BBBE15A006E4C20 /* NSData+ImageContentType.m in Sources */,
				74EAB9781BBBE15A006E4C20 /* MBProgressHUD.m in Sources */,
				74EAB9A61BBBE722006E4C20 /* RCDataBaseManager.m in Sources */,
				74EAB9601BBBE15A006E4C20 /* UIActivityIndicatorView+AFNetworking.m in Sources */,
				74EAB9A31BBBE71A006E4C20 /* RCDGroupInfo.m in Sources */,
				74EAB9661BBBE15A006E4C20 /* UIWebView+AFNetworking.m in Sources */,
				74EAB99D1BBBE568006E4C20 /* RCDHttpTool.m in Sources */,
				74EAB9561BBBE15A006E4C20 /* AFHTTPRequestOperation.m in Sources */,
				74EAB9871BBBE15A006E4C20 /* UIImageView+WebCache.m in Sources */,
				74EAB9841BBBE15A006E4C20 /* UIImage+MultiFormat.m in Sources */,
				74EAB9751BBBE15A006E4C20 /* JSONKeyMapper.m in Sources */,
				74EAB9821BBBE15A006E4C20 /* UIButton+WebCache.m in Sources */,
				74EAB9721BBBE15A006E4C20 /* JSONAPI.m in Sources */,
				74EAB9811BBBE15A006E4C20 /* SDWebImagePrefetcher.m in Sources */,
				74EAB9581BBBE15A006E4C20 /* AFHTTPSessionManager.m in Sources */,
				74EAB9611BBBE15A006E4C20 /* UIAlertView+AFNetworking.m in Sources */,
				74EAB97C1BBBE15A006E4C20 /* SDWebImageCompat.m in Sources */,
				74EAB95C1BBBE15A006E4C20 /* AFURLRequestSerialization.m in Sources */,
				74D6EC221BBBC334005D99B9 /* RCDRegisterViewController.m in Sources */,
				74EAB9831BBBE15A006E4C20 /* UIImage+GIF.m in Sources */,
				74EAB95E1BBBE15A006E4C20 /* AFURLSessionManager.m in Sources */,
				74EAB96D1BBBE15A006E4C20 /* JSONModel.m in Sources */,
				74BECAEE1BBB8632007D8AD4 /* RCDLoginViewController.m in Sources */,
				74EAB9571BBBE15A006E4C20 /* AFHTTPRequestOperationManager.m in Sources */,
				74EAB9671BBBE15A006E4C20 /* DBHelper.m in Sources */,
				74EAB9641BBBE15A006E4C20 /* UIProgressView+AFNetworking.m in Sources */,
				74BECABD1BBB81C7007D8AD4 /* ViewController.m in Sources */,
				74EAB9691BBBE15A006E4C20 /* FMDatabaseAdditions.m in Sources */,
				74EAB9621BBBE15A006E4C20 /* UIButton+AFNetworking.m in Sources */,
				74EAB95D1BBBE15A006E4C20 /* AFURLResponseSerialization.m in Sources */,
				74BECABA1BBB81C7007D8AD4 /* AppDelegate.m in Sources */,
				74EAB97F1BBBE15A006E4C20 /* SDWebImageDownloaderOperation.m in Sources */,
				74BECAB71BBB81C7007D8AD4 /* main.m in Sources */,
				74EAB98C1BBBE237006E4C20 /* AppkeyModel.m in Sources */,
				74EAB9881BBBE15A006E4C20 /* UIView+WebCacheOperation.m in Sources */,
				74EAB9731BBBE15A006E4C20 /* JSONHTTPClient.m in Sources */,
				74EAB96B1BBBE15A006E4C20 /* FMDatabaseQueue.m in Sources */,
				74EAB9651BBBE15A006E4C20 /* UIRefreshControl+AFNetworking.m in Sources */,
				74BECAF11BBB8687007D8AD4 /* RCAnimatedImagesView.m in Sources */,
				74EAB9711BBBE15A006E4C20 /* NSArray+JSONModel.m in Sources */,
				74EAB99A1BBBE47C006E4C20 /* RCDTextFieldValidate.m in Sources */,
				74EAB97B1BBBE15A006E4C20 /* SDImageCache.m in Sources */,
				74BECAF41BBB8A30007D8AD4 /* RCUnderlineTextField.m in Sources */,
			);
			runOnlyForDeploymentPostprocessing = 0;
		};
		74BECAC71BBB81C7007D8AD4 /* Sources */ = {
			isa = PBXSourcesBuildPhase;
			buildActionMask = 2147483647;
			files = (
				74BECAD01BBB81C7007D8AD4 /* DemoAppTests.m in Sources */,
			);
			runOnlyForDeploymentPostprocessing = 0;
		};
		74BECAD21BBB81C7007D8AD4 /* Sources */ = {
			isa = PBXSourcesBuildPhase;
			buildActionMask = 2147483647;
			files = (
				74BECADB1BBB81C7007D8AD4 /* DemoAppUITests.m in Sources */,
			);
			runOnlyForDeploymentPostprocessing = 0;
		};
/* End PBXSourcesBuildPhase section */

/* Begin PBXTargetDependency section */
		74BECACD1BBB81C7007D8AD4 /* PBXTargetDependency */ = {
			isa = PBXTargetDependency;
			target = 74BECAB11BBB81C7007D8AD4 /* DemoApp */;
			targetProxy = 74BECACC1BBB81C7007D8AD4 /* PBXContainerItemProxy */;
		};
		74BECAD81BBB81C7007D8AD4 /* PBXTargetDependency */ = {
			isa = PBXTargetDependency;
			target = 74BECAB11BBB81C7007D8AD4 /* DemoApp */;
			targetProxy = 74BECAD71BBB81C7007D8AD4 /* PBXContainerItemProxy */;
		};
/* End PBXTargetDependency section */

/* Begin PBXVariantGroup section */
		74BECABE1BBB81C7007D8AD4 /* Main.storyboard */ = {
			isa = PBXVariantGroup;
			children = (
				74BECABF1BBB81C7007D8AD4 /* Base */,
			);
			name = Main.storyboard;
			sourceTree = "<group>";
		};
		74BECAC31BBB81C7007D8AD4 /* LaunchScreen.storyboard */ = {
			isa = PBXVariantGroup;
			children = (
				74BECAC41BBB81C7007D8AD4 /* Base */,
			);
			name = LaunchScreen.storyboard;
			sourceTree = "<group>";
		};
/* End PBXVariantGroup section */

/* Begin XCBuildConfiguration section */
		74BECADD1BBB81C7007D8AD4 /* Debug */ = {
			isa = XCBuildConfiguration;
			buildSettings = {
				ALWAYS_SEARCH_USER_PATHS = NO;
				CLANG_CXX_LANGUAGE_STANDARD = "gnu++0x";
				CLANG_CXX_LIBRARY = "libc++";
				CLANG_ENABLE_MODULES = YES;
				CLANG_ENABLE_OBJC_ARC = YES;
				CLANG_WARN_BOOL_CONVERSION = YES;
				CLANG_WARN_CONSTANT_CONVERSION = YES;
				CLANG_WARN_DIRECT_OBJC_ISA_USAGE = YES_ERROR;
				CLANG_WARN_EMPTY_BODY = YES;
				CLANG_WARN_ENUM_CONVERSION = YES;
				CLANG_WARN_INT_CONVERSION = YES;
				CLANG_WARN_OBJC_ROOT_CLASS = YES_ERROR;
				CLANG_WARN_UNREACHABLE_CODE = YES;
				CLANG_WARN__DUPLICATE_METHOD_MATCH = YES;
				"CODE_SIGN_IDENTITY[sdk=iphoneos*]" = "iPhone Developer";
				COPY_PHASE_STRIP = NO;
				DEBUG_INFORMATION_FORMAT = dwarf;
				ENABLE_STRICT_OBJC_MSGSEND = YES;
				ENABLE_TESTABILITY = YES;
				GCC_C_LANGUAGE_STANDARD = gnu99;
				GCC_DYNAMIC_NO_PIC = NO;
				GCC_NO_COMMON_BLOCKS = YES;
				GCC_OPTIMIZATION_LEVEL = 0;
				GCC_PREPROCESSOR_DEFINITIONS = (
					"DEBUG=1",
					"$(inherited)",
				);
				GCC_WARN_64_TO_32_BIT_CONVERSION = YES;
				GCC_WARN_ABOUT_RETURN_TYPE = YES_ERROR;
				GCC_WARN_UNDECLARED_SELECTOR = YES;
				GCC_WARN_UNINITIALIZED_AUTOS = YES_AGGRESSIVE;
				GCC_WARN_UNUSED_FUNCTION = YES;
				GCC_WARN_UNUSED_VARIABLE = YES;
				IPHONEOS_DEPLOYMENT_TARGET = 9.0;
				MTL_ENABLE_DEBUG_INFO = YES;
				ONLY_ACTIVE_ARCH = YES;
				SDKROOT = iphoneos;
				TARGETED_DEVICE_FAMILY = "1,2";
			};
			name = Debug;
		};
		74BECADE1BBB81C7007D8AD4 /* Release */ = {
			isa = XCBuildConfiguration;
			buildSettings = {
				ALWAYS_SEARCH_USER_PATHS = NO;
				CLANG_CXX_LANGUAGE_STANDARD = "gnu++0x";
				CLANG_CXX_LIBRARY = "libc++";
				CLANG_ENABLE_MODULES = YES;
				CLANG_ENABLE_OBJC_ARC = YES;
				CLANG_WARN_BOOL_CONVERSION = YES;
				CLANG_WARN_CONSTANT_CONVERSION = YES;
				CLANG_WARN_DIRECT_OBJC_ISA_USAGE = YES_ERROR;
				CLANG_WARN_EMPTY_BODY = YES;
				CLANG_WARN_ENUM_CONVERSION = YES;
				CLANG_WARN_INT_CONVERSION = YES;
				CLANG_WARN_OBJC_ROOT_CLASS = YES_ERROR;
				CLANG_WARN_UNREACHABLE_CODE = YES;
				CLANG_WARN__DUPLICATE_METHOD_MATCH = YES;
				"CODE_SIGN_IDENTITY[sdk=iphoneos*]" = "iPhone Developer";
				COPY_PHASE_STRIP = NO;
				DEBUG_INFORMATION_FORMAT = "dwarf-with-dsym";
				ENABLE_NS_ASSERTIONS = NO;
				ENABLE_STRICT_OBJC_MSGSEND = YES;
				GCC_C_LANGUAGE_STANDARD = gnu99;
				GCC_NO_COMMON_BLOCKS = YES;
				GCC_WARN_64_TO_32_BIT_CONVERSION = YES;
				GCC_WARN_ABOUT_RETURN_TYPE = YES_ERROR;
				GCC_WARN_UNDECLARED_SELECTOR = YES;
				GCC_WARN_UNINITIALIZED_AUTOS = YES_AGGRESSIVE;
				GCC_WARN_UNUSED_FUNCTION = YES;
				GCC_WARN_UNUSED_VARIABLE = YES;
				IPHONEOS_DEPLOYMENT_TARGET = 9.0;
				MTL_ENABLE_DEBUG_INFO = NO;
				SDKROOT = iphoneos;
				TARGETED_DEVICE_FAMILY = "1,2";
				VALIDATE_PRODUCT = YES;
			};
			name = Release;
		};
		74BECAE01BBB81C7007D8AD4 /* Debug */ = {
			isa = XCBuildConfiguration;
			baseConfigurationReference = 378F1E1BCFAC069F9DF5F5B9 /* Pods.debug.xcconfig */;
			buildSettings = {
				ASSETCATALOG_COMPILER_APPICON_NAME = AppIcon;
				ASSETCATALOG_COMPILER_LAUNCHIMAGE_NAME = LaunchImage;
				ENABLE_BITCODE = NO;
				INFOPLIST_FILE = DemoApp/Info.plist;
				LD_RUNPATH_SEARCH_PATHS = "$(inherited) @executable_path/Frameworks";
				PRODUCT_BUNDLE_IDENTIFIER = com.xzq.DemoApp;
				PRODUCT_NAME = "$(TARGET_NAME)";
			};
			name = Debug;
		};
		74BECAE11BBB81C7007D8AD4 /* Release */ = {
			isa = XCBuildConfiguration;
			baseConfigurationReference = FC9336C1CD6857B99EEF9CE0 /* Pods.release.xcconfig */;
			buildSettings = {
				ASSETCATALOG_COMPILER_APPICON_NAME = AppIcon;
				ASSETCATALOG_COMPILER_LAUNCHIMAGE_NAME = LaunchImage;
				ENABLE_BITCODE = NO;
				INFOPLIST_FILE = DemoApp/Info.plist;
				LD_RUNPATH_SEARCH_PATHS = "$(inherited) @executable_path/Frameworks";
				PRODUCT_BUNDLE_IDENTIFIER = com.xzq.DemoApp;
				PRODUCT_NAME = "$(TARGET_NAME)";
			};
			name = Release;
		};
		74BECAE31BBB81C7007D8AD4 /* Debug */ = {
			isa = XCBuildConfiguration;
			buildSettings = {
				BUNDLE_LOADER = "$(TEST_HOST)";
				INFOPLIST_FILE = DemoAppTests/Info.plist;
				LD_RUNPATH_SEARCH_PATHS = "$(inherited) @executable_path/Frameworks @loader_path/Frameworks";
				PRODUCT_BUNDLE_IDENTIFIER = com.xzq.DemoAppTests;
				PRODUCT_NAME = "$(TARGET_NAME)";
				TEST_HOST = "$(BUILT_PRODUCTS_DIR)/DemoApp.app/DemoApp";
			};
			name = Debug;
		};
		74BECAE41BBB81C7007D8AD4 /* Release */ = {
			isa = XCBuildConfiguration;
			buildSettings = {
				BUNDLE_LOADER = "$(TEST_HOST)";
				INFOPLIST_FILE = DemoAppTests/Info.plist;
				LD_RUNPATH_SEARCH_PATHS = "$(inherited) @executable_path/Frameworks @loader_path/Frameworks";
				PRODUCT_BUNDLE_IDENTIFIER = com.xzq.DemoAppTests;
				PRODUCT_NAME = "$(TARGET_NAME)";
				TEST_HOST = "$(BUILT_PRODUCTS_DIR)/DemoApp.app/DemoApp";
			};
			name = Release;
		};
		74BECAE61BBB81C7007D8AD4 /* Debug */ = {
			isa = XCBuildConfiguration;
			buildSettings = {
				INFOPLIST_FILE = DemoAppUITests/Info.plist;
				LD_RUNPATH_SEARCH_PATHS = "$(inherited) @executable_path/Frameworks @loader_path/Frameworks";
				PRODUCT_BUNDLE_IDENTIFIER = com.xzq.DemoAppUITests;
				PRODUCT_NAME = "$(TARGET_NAME)";
				TEST_TARGET_NAME = DemoApp;
				USES_XCTRUNNER = YES;
			};
			name = Debug;
		};
		74BECAE71BBB81C7007D8AD4 /* Release */ = {
			isa = XCBuildConfiguration;
			buildSettings = {
				INFOPLIST_FILE = DemoAppUITests/Info.plist;
				LD_RUNPATH_SEARCH_PATHS = "$(inherited) @executable_path/Frameworks @loader_path/Frameworks";
				PRODUCT_BUNDLE_IDENTIFIER = com.xzq.DemoAppUITests;
				PRODUCT_NAME = "$(TARGET_NAME)";
				TEST_TARGET_NAME = DemoApp;
				USES_XCTRUNNER = YES;
			};
			name = Release;
		};
/* End XCBuildConfiguration section */

/* Begin XCConfigurationList section */
		74BECAAD1BBB81C7007D8AD4 /* Build configuration list for PBXProject "DemoApp" */ = {
			isa = XCConfigurationList;
			buildConfigurations = (
				74BECADD1BBB81C7007D8AD4 /* Debug */,
				74BECADE1BBB81C7007D8AD4 /* Release */,
			);
			defaultConfigurationIsVisible = 0;
			defaultConfigurationName = Release;
		};
		74BECADF1BBB81C7007D8AD4 /* Build configuration list for PBXNativeTarget "DemoApp" */ = {
			isa = XCConfigurationList;
			buildConfigurations = (
				74BECAE01BBB81C7007D8AD4 /* Debug */,
				74BECAE11BBB81C7007D8AD4 /* Release */,
			);
			defaultConfigurationIsVisible = 0;
			defaultConfigurationName = Release;
		};
		74BECAE21BBB81C7007D8AD4 /* Build configuration list for PBXNativeTarget "DemoAppTests" */ = {
			isa = XCConfigurationList;
			buildConfigurations = (
				74BECAE31BBB81C7007D8AD4 /* Debug */,
				74BECAE41BBB81C7007D8AD4 /* Release */,
			);
			defaultConfigurationIsVisible = 0;
			defaultConfigurationName = Release;
		};
		74BECAE51BBB81C7007D8AD4 /* Build configuration list for PBXNativeTarget "DemoAppUITests" */ = {
			isa = XCConfigurationList;
			buildConfigurations = (
				74BECAE61BBB81C7007D8AD4 /* Debug */,
				74BECAE71BBB81C7007D8AD4 /* Release */,
			);
			defaultConfigurationIsVisible = 0;
			defaultConfigurationName = Release;
		};
/* End XCConfigurationList section */
	};
	rootObject = 74BECAAA1BBB81C7007D8AD4 /* Project object */;
}
